// !$*UTF8*$!
{
	archiveVersion = 1;
	classes = {
	};
	objectVersion = 55;
	objects = {

/* Begin PBXBuildFile section */
		440B660227374A1200A04359 /* EssentialFeed.docc in Sources */ = {isa = PBXBuildFile; fileRef = 440B660127374A1200A04359 /* EssentialFeed.docc */; };
		440B660827374A1200A04359 /* EssentialFeed.framework in Frameworks */ = {isa = PBXBuildFile; fileRef = 440B65FD27374A1100A04359 /* EssentialFeed.framework */; };
		440B660E27374A1200A04359 /* EssentialFeed.h in Headers */ = {isa = PBXBuildFile; fileRef = 440B660027374A1100A04359 /* EssentialFeed.h */; settings = {ATTRIBUTES = (Public, ); }; };
		440B661827374A5200A04359 /* FeedImage.swift in Sources */ = {isa = PBXBuildFile; fileRef = 440B661727374A5200A04359 /* FeedImage.swift */; };
		440D3D9D279F1B5900D45CE3 /* UITableView+Dequeueing.swift in Sources */ = {isa = PBXBuildFile; fileRef = 440D3D9C279F1B5900D45CE3 /* UITableView+Dequeueing.swift */; };
		440D3D9F279F1CE200D45CE3 /* UIImageView+Animations.swift in Sources */ = {isa = PBXBuildFile; fileRef = 440D3D9E279F1CE200D45CE3 /* UIImageView+Animations.swift */; };
		441C1EEB274540B40059707D /* URLSessionHTTPClientTests.swift in Sources */ = {isa = PBXBuildFile; fileRef = 441C1EEA274540B40059707D /* URLSessionHTTPClientTests.swift */; };
		4428CED027960195009F9E7B /* EssentialFeediOS.framework in Frameworks */ = {isa = PBXBuildFile; fileRef = 4428CEC827960194009F9E7B /* EssentialFeediOS.framework */; };
		4428CEE227984AB9009F9E7B /* EssentialFeed.framework in Frameworks */ = {isa = PBXBuildFile; fileRef = 440B65FD27374A1100A04359 /* EssentialFeed.framework */; platformFilter = ios; };
		4428CEE327984AB9009F9E7B /* EssentialFeed.framework in Embed Frameworks */ = {isa = PBXBuildFile; fileRef = 440B65FD27374A1100A04359 /* EssentialFeed.framework */; platformFilter = ios; settings = {ATTRIBUTES = (CodeSignOnCopy, RemoveHeadersOnCopy, ); }; };
		4428CEE7279852C3009F9E7B /* XCTestCase+MemoryLeakTracking.swift in Sources */ = {isa = PBXBuildFile; fileRef = 442AB84C274F0347007E8EAA /* XCTestCase+MemoryLeakTracking.swift */; };
		4428CEE92798667D009F9E7B /* FeedViewController.swift in Sources */ = {isa = PBXBuildFile; fileRef = 4428CEE82798667D009F9E7B /* FeedViewController.swift */; };
		4428CEEB2799B250009F9E7B /* FeedImageCell.swift in Sources */ = {isa = PBXBuildFile; fileRef = 4428CEEA2799B250009F9E7B /* FeedImageCell.swift */; };
		4428CEED2799D7A3009F9E7B /* UIView+Shimmering.swift in Sources */ = {isa = PBXBuildFile; fileRef = 4428CEEC2799D7A3009F9E7B /* UIView+Shimmering.swift */; };
		4428CEF9279B038E009F9E7B /* FeedImageCellControler.swift in Sources */ = {isa = PBXBuildFile; fileRef = 4428CEF8279B038E009F9E7B /* FeedImageCellControler.swift */; };
		442AB84D274F0348007E8EAA /* XCTestCase+MemoryLeakTracking.swift in Sources */ = {isa = PBXBuildFile; fileRef = 442AB84C274F0347007E8EAA /* XCTestCase+MemoryLeakTracking.swift */; };
		442B0B62274071150022A3A9 /* HTTPClient.swift in Sources */ = {isa = PBXBuildFile; fileRef = 442B0B61274071150022A3A9 /* HTTPClient.swift */; };
		442B0B64274071960022A3A9 /* FeedItemsMapper.swift in Sources */ = {isa = PBXBuildFile; fileRef = 442B0B63274071960022A3A9 /* FeedItemsMapper.swift */; };
		443ADF0927B48EB8000C2F3D /* ErrorView.swift in Sources */ = {isa = PBXBuildFile; fileRef = 443ADF0827B48EB8000C2F3D /* ErrorView.swift */; };
		443ADF0E27B4B54F000C2F3D /* UIRefreshControl+Helpers.swift in Sources */ = {isa = PBXBuildFile; fileRef = 443ADF0D27B4B54F000C2F3D /* UIRefreshControl+Helpers.swift */; };
		443ADF1127B4B660000C2F3D /* FeedPresenterTests.swift in Sources */ = {isa = PBXBuildFile; fileRef = 443ADF1027B4B660000C2F3D /* FeedPresenterTests.swift */; };
		443ADF1B27B53C38000C2F3D /* FeedPresenter.swift in Sources */ = {isa = PBXBuildFile; fileRef = 443ADF1A27B53C37000C2F3D /* FeedPresenter.swift */; };
		443ADF1C27B53C81000C2F3D /* Feed.strings in Resources */ = {isa = PBXBuildFile; fileRef = 443ADF1627B53B89000C2F3D /* Feed.strings */; };
		443ADF1E27B53CC7000C2F3D /* FeedViewModel.swift in Sources */ = {isa = PBXBuildFile; fileRef = 443ADF1D27B53CC7000C2F3D /* FeedViewModel.swift */; };
		443ADF2027B53CE6000C2F3D /* FeedLoadingViewModel.swift in Sources */ = {isa = PBXBuildFile; fileRef = 443ADF1F27B53CE6000C2F3D /* FeedLoadingViewModel.swift */; };
		443ADF2227B53CFF000C2F3D /* FeedErrorViewModel.swift in Sources */ = {isa = PBXBuildFile; fileRef = 443ADF2127B53CFF000C2F3D /* FeedErrorViewModel.swift */; };
		443ADF2327B53E1B000C2F3D /* FeedLocalizationTests.swift in Sources */ = {isa = PBXBuildFile; fileRef = 4405A4FD27A046B500B15004 /* FeedLocalizationTests.swift */; };
		443ADF2527B53F60000C2F3D /* FeedImagePresenterTests.swift in Sources */ = {isa = PBXBuildFile; fileRef = 443ADF2427B53F5F000C2F3D /* FeedImagePresenterTests.swift */; };
		443ADF2727B542B4000C2F3D /* FeedImagePresenter.swift in Sources */ = {isa = PBXBuildFile; fileRef = 443ADF2627B542B4000C2F3D /* FeedImagePresenter.swift */; };
		443ADF2927B5432F000C2F3D /* FeedImageViewModel.swift in Sources */ = {isa = PBXBuildFile; fileRef = 443ADF2827B5432F000C2F3D /* FeedImageViewModel.swift */; };
		443C307D27874A6A00B4B6C9 /* CacheFeedUseCaseTests.swift in Sources */ = {isa = PBXBuildFile; fileRef = 443C307C27874A6A00B4B6C9 /* CacheFeedUseCaseTests.swift */; };
		443C30802787B66C00B4B6C9 /* LocalFeedLoader.swift in Sources */ = {isa = PBXBuildFile; fileRef = 443C307F2787B66C00B4B6C9 /* LocalFeedLoader.swift */; };
		443C30822787B72600B4B6C9 /* FeedStore.swift in Sources */ = {isa = PBXBuildFile; fileRef = 443C30812787B72600B4B6C9 /* FeedStore.swift */; };
		443C30872789DDED00B4B6C9 /* LocalFeedImage.swift in Sources */ = {isa = PBXBuildFile; fileRef = 443C30862789DDED00B4B6C9 /* LocalFeedImage.swift */; };
		443C3089278A149000B4B6C9 /* LoadFeedFromCacheUseCaseTests.swift in Sources */ = {isa = PBXBuildFile; fileRef = 443C3088278A149000B4B6C9 /* LoadFeedFromCacheUseCaseTests.swift */; };
		443C308C278A197200B4B6C9 /* FeedStoreSpy.swift in Sources */ = {isa = PBXBuildFile; fileRef = 443C308B278A197200B4B6C9 /* FeedStoreSpy.swift */; };
		443C308E278C971900B4B6C9 /* ValidateFeedCacheUseCaseTests.swift in Sources */ = {isa = PBXBuildFile; fileRef = 443C308D278C971900B4B6C9 /* ValidateFeedCacheUseCaseTests.swift */; };
		443C3090278C9CC500B4B6C9 /* FeedCacheTestHelpers.swift in Sources */ = {isa = PBXBuildFile; fileRef = 443C308F278C9CC500B4B6C9 /* FeedCacheTestHelpers.swift */; };
		443C3092278C9D7200B4B6C9 /* SharedTestHelpers.swift in Sources */ = {isa = PBXBuildFile; fileRef = 443C3091278C9D7200B4B6C9 /* SharedTestHelpers.swift */; };
		443C3094278E0C5500B4B6C9 /* FeedCachePolicy.swift in Sources */ = {isa = PBXBuildFile; fileRef = 443C3093278E0C5500B4B6C9 /* FeedCachePolicy.swift */; };
		443C7F782790820C004136B2 /* FeedStoreSpecs.swift in Sources */ = {isa = PBXBuildFile; fileRef = 443C7F772790820C004136B2 /* FeedStoreSpecs.swift */; };
		443C7F7A27908343004136B2 /* XCTestCase+FeedStoreSpecs.swift in Sources */ = {isa = PBXBuildFile; fileRef = 443C7F7927908343004136B2 /* XCTestCase+FeedStoreSpecs.swift */; };
		443C7F8127909DC3004136B2 /* CoreDataFeedStoreTests.swift in Sources */ = {isa = PBXBuildFile; fileRef = 443C7F8027909DC3004136B2 /* CoreDataFeedStoreTests.swift */; };
		443C7F8327909E35004136B2 /* CoreDataFeedStore.swift in Sources */ = {isa = PBXBuildFile; fileRef = 443C7F8227909E35004136B2 /* CoreDataFeedStore.swift */; };
		443C7F892790A9CB004136B2 /* FeedStore.xcdatamodeld in Sources */ = {isa = PBXBuildFile; fileRef = 443C7F872790A9CB004136B2 /* FeedStore.xcdatamodeld */; };
		443C7F8E2790C8F1004136B2 /* CoreDataHelpers.swift in Sources */ = {isa = PBXBuildFile; fileRef = 443C7F8D2790C8F1004136B2 /* CoreDataHelpers.swift */; };
		443C7F902790C96B004136B2 /* ManagedCache.swift in Sources */ = {isa = PBXBuildFile; fileRef = 443C7F8F2790C96B004136B2 /* ManagedCache.swift */; };
		443C7F922790C993004136B2 /* ManagedFeedImage.swift in Sources */ = {isa = PBXBuildFile; fileRef = 443C7F912790C993004136B2 /* ManagedFeedImage.swift */; };
		443C7F9B2790CF79004136B2 /* EssentialFeedCacheIntegrationTests.swift in Sources */ = {isa = PBXBuildFile; fileRef = 443C7F9A2790CF79004136B2 /* EssentialFeedCacheIntegrationTests.swift */; };
		443C7F9C2790CF79004136B2 /* EssentialFeed.framework in Frameworks */ = {isa = PBXBuildFile; fileRef = 440B65FD27374A1100A04359 /* EssentialFeed.framework */; };
		443C7FA22790D195004136B2 /* XCTestCase+MemoryLeakTracking.swift in Sources */ = {isa = PBXBuildFile; fileRef = 442AB84C274F0347007E8EAA /* XCTestCase+MemoryLeakTracking.swift */; };
		443C7FA32790DA59004136B2 /* FeedCacheTestHelpers.swift in Sources */ = {isa = PBXBuildFile; fileRef = 443C308F278C9CC500B4B6C9 /* FeedCacheTestHelpers.swift */; };
		443C7FA42790DA7F004136B2 /* SharedTestHelpers.swift in Sources */ = {isa = PBXBuildFile; fileRef = 443C3091278C9D7200B4B6C9 /* SharedTestHelpers.swift */; };
		44427ECE27C463B400F9D0CB /* LoadFeedImageDataFromCacheUseCaseTests.swift in Sources */ = {isa = PBXBuildFile; fileRef = 44427ECD27C463B400F9D0CB /* LoadFeedImageDataFromCacheUseCaseTests.swift */; };
		44427ED027C467BF00F9D0CB /* FeedImageDataStore.swift in Sources */ = {isa = PBXBuildFile; fileRef = 44427ECF27C467BF00F9D0CB /* FeedImageDataStore.swift */; };
		44427ED227C467DF00F9D0CB /* LocalFeedImageDataLoader.swift in Sources */ = {isa = PBXBuildFile; fileRef = 44427ED127C467DF00F9D0CB /* LocalFeedImageDataLoader.swift */; };
		44427ED427C46F7A00F9D0CB /* FeedImageDataStoreSpy.swift in Sources */ = {isa = PBXBuildFile; fileRef = 44427ED327C46F7A00F9D0CB /* FeedImageDataStoreSpy.swift */; };
		44427ED627C4704000F9D0CB /* CacheFeedImageDataUseCaseTests.swift in Sources */ = {isa = PBXBuildFile; fileRef = 44427ED527C4704000F9D0CB /* CacheFeedImageDataUseCaseTests.swift */; };
		44427ED827C471D800F9D0CB /* CoreDataFeedImageDataStoreTests.swift in Sources */ = {isa = PBXBuildFile; fileRef = 44427ED727C471D800F9D0CB /* CoreDataFeedImageDataStoreTests.swift */; };
		4445CD6D27C6FEA90013AAD8 /* CoreDataFeedStore+FeedImageDataLoader.swift in Sources */ = {isa = PBXBuildFile; fileRef = 4445CD6C27C6FEA90013AAD8 /* CoreDataFeedStore+FeedImageDataLoader.swift */; };
		445A57D727E0241500353CEC /* FeedCache.swift in Sources */ = {isa = PBXBuildFile; fileRef = 445A57D627E0241500353CEC /* FeedCache.swift */; };
		445A57E127E02A7B00353CEC /* FeedImageDataCache.swift in Sources */ = {isa = PBXBuildFile; fileRef = 445A57E027E02A7B00353CEC /* FeedImageDataCache.swift */; };
		446D7FC927C04FB100377094 /* FeedImageDataLoader.swift in Sources */ = {isa = PBXBuildFile; fileRef = 4428CEF4279AF597009F9E7B /* FeedImageDataLoader.swift */; };
		446D7FCB27C0502500377094 /* LoadFeedImageDataFromRemoteUseCaseTests.swift in Sources */ = {isa = PBXBuildFile; fileRef = 446D7FCA27C0502500377094 /* LoadFeedImageDataFromRemoteUseCaseTests.swift */; };
		446D7FCD27C0766000377094 /* HTTPClientSpy.swift in Sources */ = {isa = PBXBuildFile; fileRef = 446D7FCC27C0766000377094 /* HTTPClientSpy.swift */; };
		446D7FCF27C076AB00377094 /* RemoteFeedImageDataLoader.swift in Sources */ = {isa = PBXBuildFile; fileRef = 446D7FCE27C076AB00377094 /* RemoteFeedImageDataLoader.swift */; };
		446D7FD527C07AC400377094 /* HTTPURLReponse+StatusCode.swift in Sources */ = {isa = PBXBuildFile; fileRef = 446D7FD427C07AC400377094 /* HTTPURLReponse+StatusCode.swift */; };
		446D7FD827C07B8400377094 /* URLProtocolStub.swift in Sources */ = {isa = PBXBuildFile; fileRef = 446D7FD627C07B5700377094 /* URLProtocolStub.swift */; };
		4470CE1F2757DD0F0045D45D /* URLSessionHTTPClient.swift in Sources */ = {isa = PBXBuildFile; fileRef = 4470CE1E2757DD0E0045D45D /* URLSessionHTTPClient.swift */; };
		447855CC27EA8AC600F7A7F5 /* FeedSnapshotTests.swift in Sources */ = {isa = PBXBuildFile; fileRef = 447855CB27EA8AC600F7A7F5 /* FeedSnapshotTests.swift */; };
		447855CF27EA8F0C00F7A7F5 /* UIImage+TestHelpers.swift in Sources */ = {isa = PBXBuildFile; fileRef = 447855CE27EA8F0C00F7A7F5 /* UIImage+TestHelpers.swift */; };
		447855D127EA8FF500F7A7F5 /* UITableView+HeaderSizing.swift in Sources */ = {isa = PBXBuildFile; fileRef = 447855D027EA8FF500F7A7F5 /* UITableView+HeaderSizing.swift */; };
		447855D327EA96AA00F7A7F5 /* UIViewController+Snapshot.swift in Sources */ = {isa = PBXBuildFile; fileRef = 447855D227EA96AA00F7A7F5 /* UIViewController+Snapshot.swift */; };
		447855D527EA970300F7A7F5 /* XCTestCase+Snapshot.swift in Sources */ = {isa = PBXBuildFile; fileRef = 447855D427EA970300F7A7F5 /* XCTestCase+Snapshot.swift */; };
		449ACBF127C99ABE00E2EB67 /* CoreDataFeedStore+FeedStore.swift in Sources */ = {isa = PBXBuildFile; fileRef = 449ACBF027C99ABE00E2EB67 /* CoreDataFeedStore+FeedStore.swift */; };
		44AA430B28136338000D756D /* ImageCommentsMapper.swift in Sources */ = {isa = PBXBuildFile; fileRef = 44AA430A28136338000D756D /* ImageCommentsMapper.swift */; };
		44AA430E28136506000D756D /* ImageComment.swift in Sources */ = {isa = PBXBuildFile; fileRef = 44AA430D28136506000D756D /* ImageComment.swift */; };
		44AA431C28137603000D756D /* FeedItemsMapperTests.swift in Sources */ = {isa = PBXBuildFile; fileRef = 44AA431B28137603000D756D /* FeedItemsMapperTests.swift */; };
		44AA431E28137AB5000D756D /* ImageCommentsMapperTests.swift in Sources */ = {isa = PBXBuildFile; fileRef = 44AA431D28137AB5000D756D /* ImageCommentsMapperTests.swift */; };
		44E01DBD279EEECB006BBC82 /* Feed.storyboard in Resources */ = {isa = PBXBuildFile; fileRef = 44E01DBC279EEECB006BBC82 /* Feed.storyboard */; };
		44E01DBF279EFCAD006BBC82 /* Feed.xcassets in Resources */ = {isa = PBXBuildFile; fileRef = 44E01DBE279EFCAD006BBC82 /* Feed.xcassets */; };
		44E1F6D12783378D00672A8B /* EssentialFeedAPIEndToEndTests.swift in Sources */ = {isa = PBXBuildFile; fileRef = 44E1F6D02783378D00672A8B /* EssentialFeedAPIEndToEndTests.swift */; };
		44E1F6D22783378D00672A8B /* EssentialFeed.framework in Frameworks */ = {isa = PBXBuildFile; fileRef = 440B65FD27374A1100A04359 /* EssentialFeed.framework */; };
		44E1F6D8278354F900672A8B /* XCTestCase+MemoryLeakTracking.swift in Sources */ = {isa = PBXBuildFile; fileRef = 442AB84C274F0347007E8EAA /* XCTestCase+MemoryLeakTracking.swift */; };
/* End PBXBuildFile section */

/* Begin PBXContainerItemProxy section */
		440B660927374A1200A04359 /* PBXContainerItemProxy */ = {
			isa = PBXContainerItemProxy;
			containerPortal = 440B65F427374A1100A04359 /* Project object */;
			proxyType = 1;
			remoteGlobalIDString = 440B65FC27374A1100A04359;
			remoteInfo = EssentialFeed;
		};
		4428CED127960195009F9E7B /* PBXContainerItemProxy */ = {
			isa = PBXContainerItemProxy;
			containerPortal = 440B65F427374A1100A04359 /* Project object */;
			proxyType = 1;
			remoteGlobalIDString = 4428CEC727960194009F9E7B;
			remoteInfo = EssentialFeediOS;
		};
		4428CEE427984AB9009F9E7B /* PBXContainerItemProxy */ = {
			isa = PBXContainerItemProxy;
			containerPortal = 440B65F427374A1100A04359 /* Project object */;
			proxyType = 1;
			remoteGlobalIDString = 440B65FC27374A1100A04359;
			remoteInfo = EssentialFeed;
		};
		443C7F9D2790CF79004136B2 /* PBXContainerItemProxy */ = {
			isa = PBXContainerItemProxy;
			containerPortal = 440B65F427374A1100A04359 /* Project object */;
			proxyType = 1;
			remoteGlobalIDString = 440B65FC27374A1100A04359;
			remoteInfo = EssentialFeed;
		};
		44E1F6D32783378D00672A8B /* PBXContainerItemProxy */ = {
			isa = PBXContainerItemProxy;
			containerPortal = 440B65F427374A1100A04359 /* Project object */;
			proxyType = 1;
			remoteGlobalIDString = 440B65FC27374A1100A04359;
			remoteInfo = EssentialFeed;
		};
/* End PBXContainerItemProxy section */

/* Begin PBXCopyFilesBuildPhase section */
		4428CEE627984AB9009F9E7B /* Embed Frameworks */ = {
			isa = PBXCopyFilesBuildPhase;
			buildActionMask = 2147483647;
			dstPath = "";
			dstSubfolderSpec = 10;
			files = (
				4428CEE327984AB9009F9E7B /* EssentialFeed.framework in Embed Frameworks */,
			);
			name = "Embed Frameworks";
			runOnlyForDeploymentPostprocessing = 0;
		};
/* End PBXCopyFilesBuildPhase section */

/* Begin PBXFileReference section */
		4405A4FD27A046B500B15004 /* FeedLocalizationTests.swift */ = {isa = PBXFileReference; lastKnownFileType = sourcecode.swift; path = FeedLocalizationTests.swift; sourceTree = "<group>"; };
		440B65FD27374A1100A04359 /* EssentialFeed.framework */ = {isa = PBXFileReference; explicitFileType = wrapper.framework; includeInIndex = 0; path = EssentialFeed.framework; sourceTree = BUILT_PRODUCTS_DIR; };
		440B660027374A1100A04359 /* EssentialFeed.h */ = {isa = PBXFileReference; lastKnownFileType = sourcecode.c.h; path = EssentialFeed.h; sourceTree = "<group>"; };
		440B660127374A1200A04359 /* EssentialFeed.docc */ = {isa = PBXFileReference; lastKnownFileType = folder.documentationcatalog; path = EssentialFeed.docc; sourceTree = "<group>"; };
		440B660727374A1200A04359 /* EssentialFeedTests.xctest */ = {isa = PBXFileReference; explicitFileType = wrapper.cfbundle; includeInIndex = 0; path = EssentialFeedTests.xctest; sourceTree = BUILT_PRODUCTS_DIR; };
		440B661727374A5200A04359 /* FeedImage.swift */ = {isa = PBXFileReference; lastKnownFileType = sourcecode.swift; path = FeedImage.swift; sourceTree = "<group>"; };
		440D3D9C279F1B5900D45CE3 /* UITableView+Dequeueing.swift */ = {isa = PBXFileReference; lastKnownFileType = sourcecode.swift; path = "UITableView+Dequeueing.swift"; sourceTree = "<group>"; };
		440D3D9E279F1CE200D45CE3 /* UIImageView+Animations.swift */ = {isa = PBXFileReference; lastKnownFileType = sourcecode.swift; path = "UIImageView+Animations.swift"; sourceTree = "<group>"; };
		441C1EEA274540B40059707D /* URLSessionHTTPClientTests.swift */ = {isa = PBXFileReference; lastKnownFileType = sourcecode.swift; path = URLSessionHTTPClientTests.swift; sourceTree = "<group>"; };
		4428CEC827960194009F9E7B /* EssentialFeediOS.framework */ = {isa = PBXFileReference; explicitFileType = wrapper.framework; includeInIndex = 0; path = EssentialFeediOS.framework; sourceTree = BUILT_PRODUCTS_DIR; };
		4428CECF27960195009F9E7B /* EssentialFeediOSTests.xctest */ = {isa = PBXFileReference; explicitFileType = wrapper.cfbundle; includeInIndex = 0; path = EssentialFeediOSTests.xctest; sourceTree = BUILT_PRODUCTS_DIR; };
		4428CEE82798667D009F9E7B /* FeedViewController.swift */ = {isa = PBXFileReference; lastKnownFileType = sourcecode.swift; path = FeedViewController.swift; sourceTree = "<group>"; };
		4428CEEA2799B250009F9E7B /* FeedImageCell.swift */ = {isa = PBXFileReference; lastKnownFileType = sourcecode.swift; path = FeedImageCell.swift; sourceTree = "<group>"; };
		4428CEEC2799D7A3009F9E7B /* UIView+Shimmering.swift */ = {isa = PBXFileReference; lastKnownFileType = sourcecode.swift; path = "UIView+Shimmering.swift"; sourceTree = "<group>"; };
		4428CEF4279AF597009F9E7B /* FeedImageDataLoader.swift */ = {isa = PBXFileReference; lastKnownFileType = sourcecode.swift; path = FeedImageDataLoader.swift; sourceTree = "<group>"; };
		4428CEF8279B038E009F9E7B /* FeedImageCellControler.swift */ = {isa = PBXFileReference; lastKnownFileType = sourcecode.swift; path = FeedImageCellControler.swift; sourceTree = "<group>"; };
		442AB84C274F0347007E8EAA /* XCTestCase+MemoryLeakTracking.swift */ = {isa = PBXFileReference; lastKnownFileType = sourcecode.swift; path = "XCTestCase+MemoryLeakTracking.swift"; sourceTree = "<group>"; };
		442B0B61274071150022A3A9 /* HTTPClient.swift */ = {isa = PBXFileReference; lastKnownFileType = sourcecode.swift; path = HTTPClient.swift; sourceTree = "<group>"; };
		442B0B63274071960022A3A9 /* FeedItemsMapper.swift */ = {isa = PBXFileReference; lastKnownFileType = sourcecode.swift; path = FeedItemsMapper.swift; sourceTree = "<group>"; };
		443ADF0827B48EB8000C2F3D /* ErrorView.swift */ = {isa = PBXFileReference; lastKnownFileType = sourcecode.swift; path = ErrorView.swift; sourceTree = "<group>"; };
		443ADF0D27B4B54F000C2F3D /* UIRefreshControl+Helpers.swift */ = {isa = PBXFileReference; lastKnownFileType = sourcecode.swift; path = "UIRefreshControl+Helpers.swift"; sourceTree = "<group>"; };
		443ADF1027B4B660000C2F3D /* FeedPresenterTests.swift */ = {isa = PBXFileReference; lastKnownFileType = sourcecode.swift; path = FeedPresenterTests.swift; sourceTree = "<group>"; };
		443ADF1527B53B89000C2F3D /* en */ = {isa = PBXFileReference; lastKnownFileType = text.plist.strings; name = en; path = en.lproj/Feed.strings; sourceTree = "<group>"; };
		443ADF1727B53B8E000C2F3D /* el */ = {isa = PBXFileReference; lastKnownFileType = text.plist.strings; name = el; path = el.lproj/Feed.strings; sourceTree = "<group>"; };
		443ADF1827B53B90000C2F3D /* pt-BR */ = {isa = PBXFileReference; lastKnownFileType = text.plist.strings; name = "pt-BR"; path = "pt-BR.lproj/Feed.strings"; sourceTree = "<group>"; };
		443ADF1A27B53C37000C2F3D /* FeedPresenter.swift */ = {isa = PBXFileReference; lastKnownFileType = sourcecode.swift; path = FeedPresenter.swift; sourceTree = "<group>"; };
		443ADF1D27B53CC7000C2F3D /* FeedViewModel.swift */ = {isa = PBXFileReference; lastKnownFileType = sourcecode.swift; path = FeedViewModel.swift; sourceTree = "<group>"; };
		443ADF1F27B53CE6000C2F3D /* FeedLoadingViewModel.swift */ = {isa = PBXFileReference; lastKnownFileType = sourcecode.swift; path = FeedLoadingViewModel.swift; sourceTree = "<group>"; };
		443ADF2127B53CFF000C2F3D /* FeedErrorViewModel.swift */ = {isa = PBXFileReference; lastKnownFileType = sourcecode.swift; path = FeedErrorViewModel.swift; sourceTree = "<group>"; };
		443ADF2427B53F5F000C2F3D /* FeedImagePresenterTests.swift */ = {isa = PBXFileReference; lastKnownFileType = sourcecode.swift; path = FeedImagePresenterTests.swift; sourceTree = "<group>"; };
		443ADF2627B542B4000C2F3D /* FeedImagePresenter.swift */ = {isa = PBXFileReference; lastKnownFileType = sourcecode.swift; path = FeedImagePresenter.swift; sourceTree = "<group>"; };
		443ADF2827B5432F000C2F3D /* FeedImageViewModel.swift */ = {isa = PBXFileReference; lastKnownFileType = sourcecode.swift; path = FeedImageViewModel.swift; sourceTree = "<group>"; };
		443C307C27874A6A00B4B6C9 /* CacheFeedUseCaseTests.swift */ = {isa = PBXFileReference; lastKnownFileType = sourcecode.swift; path = CacheFeedUseCaseTests.swift; sourceTree = "<group>"; };
		443C307F2787B66C00B4B6C9 /* LocalFeedLoader.swift */ = {isa = PBXFileReference; lastKnownFileType = sourcecode.swift; path = LocalFeedLoader.swift; sourceTree = "<group>"; };
		443C30812787B72600B4B6C9 /* FeedStore.swift */ = {isa = PBXFileReference; lastKnownFileType = sourcecode.swift; path = FeedStore.swift; sourceTree = "<group>"; };
		443C30862789DDED00B4B6C9 /* LocalFeedImage.swift */ = {isa = PBXFileReference; lastKnownFileType = sourcecode.swift; path = LocalFeedImage.swift; sourceTree = "<group>"; };
		443C3088278A149000B4B6C9 /* LoadFeedFromCacheUseCaseTests.swift */ = {isa = PBXFileReference; lastKnownFileType = sourcecode.swift; path = LoadFeedFromCacheUseCaseTests.swift; sourceTree = "<group>"; };
		443C308B278A197200B4B6C9 /* FeedStoreSpy.swift */ = {isa = PBXFileReference; lastKnownFileType = sourcecode.swift; path = FeedStoreSpy.swift; sourceTree = "<group>"; };
		443C308D278C971900B4B6C9 /* ValidateFeedCacheUseCaseTests.swift */ = {isa = PBXFileReference; lastKnownFileType = sourcecode.swift; path = ValidateFeedCacheUseCaseTests.swift; sourceTree = "<group>"; };
		443C308F278C9CC500B4B6C9 /* FeedCacheTestHelpers.swift */ = {isa = PBXFileReference; lastKnownFileType = sourcecode.swift; path = FeedCacheTestHelpers.swift; sourceTree = "<group>"; };
		443C3091278C9D7200B4B6C9 /* SharedTestHelpers.swift */ = {isa = PBXFileReference; lastKnownFileType = sourcecode.swift; path = SharedTestHelpers.swift; sourceTree = "<group>"; };
		443C3093278E0C5500B4B6C9 /* FeedCachePolicy.swift */ = {isa = PBXFileReference; lastKnownFileType = sourcecode.swift; path = FeedCachePolicy.swift; sourceTree = "<group>"; };
		443C7F772790820C004136B2 /* FeedStoreSpecs.swift */ = {isa = PBXFileReference; lastKnownFileType = sourcecode.swift; path = FeedStoreSpecs.swift; sourceTree = "<group>"; };
		443C7F7927908343004136B2 /* XCTestCase+FeedStoreSpecs.swift */ = {isa = PBXFileReference; lastKnownFileType = sourcecode.swift; path = "XCTestCase+FeedStoreSpecs.swift"; sourceTree = "<group>"; };
		443C7F8027909DC3004136B2 /* CoreDataFeedStoreTests.swift */ = {isa = PBXFileReference; lastKnownFileType = sourcecode.swift; path = CoreDataFeedStoreTests.swift; sourceTree = "<group>"; };
		443C7F8227909E35004136B2 /* CoreDataFeedStore.swift */ = {isa = PBXFileReference; lastKnownFileType = sourcecode.swift; path = CoreDataFeedStore.swift; sourceTree = "<group>"; };
		443C7F882790A9CB004136B2 /* FeedStore.xcdatamodel */ = {isa = PBXFileReference; lastKnownFileType = wrapper.xcdatamodel; path = FeedStore.xcdatamodel; sourceTree = "<group>"; };
		443C7F8D2790C8F1004136B2 /* CoreDataHelpers.swift */ = {isa = PBXFileReference; lastKnownFileType = sourcecode.swift; path = CoreDataHelpers.swift; sourceTree = "<group>"; };
		443C7F8F2790C96B004136B2 /* ManagedCache.swift */ = {isa = PBXFileReference; lastKnownFileType = sourcecode.swift; path = ManagedCache.swift; sourceTree = "<group>"; };
		443C7F912790C993004136B2 /* ManagedFeedImage.swift */ = {isa = PBXFileReference; lastKnownFileType = sourcecode.swift; path = ManagedFeedImage.swift; sourceTree = "<group>"; };
		443C7F982790CF79004136B2 /* EssentialFeedCacheIntegrationTests.xctest */ = {isa = PBXFileReference; explicitFileType = wrapper.cfbundle; includeInIndex = 0; path = EssentialFeedCacheIntegrationTests.xctest; sourceTree = BUILT_PRODUCTS_DIR; };
		443C7F9A2790CF79004136B2 /* EssentialFeedCacheIntegrationTests.swift */ = {isa = PBXFileReference; lastKnownFileType = sourcecode.swift; path = EssentialFeedCacheIntegrationTests.swift; sourceTree = "<group>"; };
		44427ECD27C463B400F9D0CB /* LoadFeedImageDataFromCacheUseCaseTests.swift */ = {isa = PBXFileReference; lastKnownFileType = sourcecode.swift; path = LoadFeedImageDataFromCacheUseCaseTests.swift; sourceTree = "<group>"; };
		44427ECF27C467BF00F9D0CB /* FeedImageDataStore.swift */ = {isa = PBXFileReference; lastKnownFileType = sourcecode.swift; path = FeedImageDataStore.swift; sourceTree = "<group>"; };
		44427ED127C467DF00F9D0CB /* LocalFeedImageDataLoader.swift */ = {isa = PBXFileReference; lastKnownFileType = sourcecode.swift; path = LocalFeedImageDataLoader.swift; sourceTree = "<group>"; };
		44427ED327C46F7A00F9D0CB /* FeedImageDataStoreSpy.swift */ = {isa = PBXFileReference; lastKnownFileType = sourcecode.swift; path = FeedImageDataStoreSpy.swift; sourceTree = "<group>"; };
		44427ED527C4704000F9D0CB /* CacheFeedImageDataUseCaseTests.swift */ = {isa = PBXFileReference; lastKnownFileType = sourcecode.swift; path = CacheFeedImageDataUseCaseTests.swift; sourceTree = "<group>"; };
		44427ED727C471D800F9D0CB /* CoreDataFeedImageDataStoreTests.swift */ = {isa = PBXFileReference; lastKnownFileType = sourcecode.swift; path = CoreDataFeedImageDataStoreTests.swift; sourceTree = "<group>"; };
		44427ED927C4737500F9D0CB /* FeedStore2.xcdatamodel */ = {isa = PBXFileReference; lastKnownFileType = wrapper.xcdatamodel; path = FeedStore2.xcdatamodel; sourceTree = "<group>"; };
		4445CD6C27C6FEA90013AAD8 /* CoreDataFeedStore+FeedImageDataLoader.swift */ = {isa = PBXFileReference; lastKnownFileType = sourcecode.swift; path = "CoreDataFeedStore+FeedImageDataLoader.swift"; sourceTree = "<group>"; };
		445A57D627E0241500353CEC /* FeedCache.swift */ = {isa = PBXFileReference; lastKnownFileType = sourcecode.swift; path = FeedCache.swift; sourceTree = "<group>"; };
		445A57E027E02A7B00353CEC /* FeedImageDataCache.swift */ = {isa = PBXFileReference; lastKnownFileType = sourcecode.swift; path = FeedImageDataCache.swift; sourceTree = "<group>"; };
		446D7FCA27C0502500377094 /* LoadFeedImageDataFromRemoteUseCaseTests.swift */ = {isa = PBXFileReference; lastKnownFileType = sourcecode.swift; path = LoadFeedImageDataFromRemoteUseCaseTests.swift; sourceTree = "<group>"; };
		446D7FCC27C0766000377094 /* HTTPClientSpy.swift */ = {isa = PBXFileReference; lastKnownFileType = sourcecode.swift; path = HTTPClientSpy.swift; sourceTree = "<group>"; };
		446D7FCE27C076AB00377094 /* RemoteFeedImageDataLoader.swift */ = {isa = PBXFileReference; lastKnownFileType = sourcecode.swift; path = RemoteFeedImageDataLoader.swift; sourceTree = "<group>"; };
		446D7FD427C07AC400377094 /* HTTPURLReponse+StatusCode.swift */ = {isa = PBXFileReference; lastKnownFileType = sourcecode.swift; path = "HTTPURLReponse+StatusCode.swift"; sourceTree = "<group>"; };
		446D7FD627C07B5700377094 /* URLProtocolStub.swift */ = {isa = PBXFileReference; lastKnownFileType = sourcecode.swift; path = URLProtocolStub.swift; sourceTree = "<group>"; };
		4470CE1E2757DD0E0045D45D /* URLSessionHTTPClient.swift */ = {isa = PBXFileReference; lastKnownFileType = sourcecode.swift; path = URLSessionHTTPClient.swift; sourceTree = "<group>"; };
		447855CB27EA8AC600F7A7F5 /* FeedSnapshotTests.swift */ = {isa = PBXFileReference; lastKnownFileType = sourcecode.swift; path = FeedSnapshotTests.swift; sourceTree = "<group>"; };
		447855CE27EA8F0C00F7A7F5 /* UIImage+TestHelpers.swift */ = {isa = PBXFileReference; fileEncoding = 4; lastKnownFileType = sourcecode.swift; path = "UIImage+TestHelpers.swift"; sourceTree = "<group>"; };
		447855D027EA8FF500F7A7F5 /* UITableView+HeaderSizing.swift */ = {isa = PBXFileReference; lastKnownFileType = sourcecode.swift; path = "UITableView+HeaderSizing.swift"; sourceTree = "<group>"; };
		447855D227EA96AA00F7A7F5 /* UIViewController+Snapshot.swift */ = {isa = PBXFileReference; lastKnownFileType = sourcecode.swift; path = "UIViewController+Snapshot.swift"; sourceTree = "<group>"; };
		447855D427EA970300F7A7F5 /* XCTestCase+Snapshot.swift */ = {isa = PBXFileReference; lastKnownFileType = sourcecode.swift; path = "XCTestCase+Snapshot.swift"; sourceTree = "<group>"; };
		449ACBF027C99ABE00E2EB67 /* CoreDataFeedStore+FeedStore.swift */ = {isa = PBXFileReference; lastKnownFileType = sourcecode.swift; path = "CoreDataFeedStore+FeedStore.swift"; sourceTree = "<group>"; };
		44AA430A28136338000D756D /* ImageCommentsMapper.swift */ = {isa = PBXFileReference; lastKnownFileType = sourcecode.swift; path = ImageCommentsMapper.swift; sourceTree = "<group>"; };
		44AA430D28136506000D756D /* ImageComment.swift */ = {isa = PBXFileReference; lastKnownFileType = sourcecode.swift; path = ImageComment.swift; sourceTree = "<group>"; };
		44AA431B28137603000D756D /* FeedItemsMapperTests.swift */ = {isa = PBXFileReference; lastKnownFileType = sourcecode.swift; path = FeedItemsMapperTests.swift; sourceTree = "<group>"; };
		44AA431D28137AB5000D756D /* ImageCommentsMapperTests.swift */ = {isa = PBXFileReference; lastKnownFileType = sourcecode.swift; path = ImageCommentsMapperTests.swift; sourceTree = "<group>"; };
		44E01DBC279EEECB006BBC82 /* Feed.storyboard */ = {isa = PBXFileReference; lastKnownFileType = file.storyboard; path = Feed.storyboard; sourceTree = "<group>"; };
		44E01DBE279EFCAD006BBC82 /* Feed.xcassets */ = {isa = PBXFileReference; lastKnownFileType = folder.assetcatalog; path = Feed.xcassets; sourceTree = "<group>"; };
		44E1F6CE2783378D00672A8B /* EssentialFeedAPIEndToEndTests.xctest */ = {isa = PBXFileReference; explicitFileType = wrapper.cfbundle; includeInIndex = 0; path = EssentialFeedAPIEndToEndTests.xctest; sourceTree = BUILT_PRODUCTS_DIR; };
		44E1F6D02783378D00672A8B /* EssentialFeedAPIEndToEndTests.swift */ = {isa = PBXFileReference; lastKnownFileType = sourcecode.swift; path = EssentialFeedAPIEndToEndTests.swift; sourceTree = "<group>"; };
/* End PBXFileReference section */

/* Begin PBXFrameworksBuildPhase section */
		440B65FA27374A1100A04359 /* Frameworks */ = {
			isa = PBXFrameworksBuildPhase;
			buildActionMask = 2147483647;
			files = (
			);
			runOnlyForDeploymentPostprocessing = 0;
		};
		440B660427374A1200A04359 /* Frameworks */ = {
			isa = PBXFrameworksBuildPhase;
			buildActionMask = 2147483647;
			files = (
				440B660827374A1200A04359 /* EssentialFeed.framework in Frameworks */,
			);
			runOnlyForDeploymentPostprocessing = 0;
		};
		4428CEC527960194009F9E7B /* Frameworks */ = {
			isa = PBXFrameworksBuildPhase;
			buildActionMask = 2147483647;
			files = (
				4428CEE227984AB9009F9E7B /* EssentialFeed.framework in Frameworks */,
			);
			runOnlyForDeploymentPostprocessing = 0;
		};
		4428CECC27960195009F9E7B /* Frameworks */ = {
			isa = PBXFrameworksBuildPhase;
			buildActionMask = 2147483647;
			files = (
				4428CED027960195009F9E7B /* EssentialFeediOS.framework in Frameworks */,
			);
			runOnlyForDeploymentPostprocessing = 0;
		};
		443C7F952790CF79004136B2 /* Frameworks */ = {
			isa = PBXFrameworksBuildPhase;
			buildActionMask = 2147483647;
			files = (
				443C7F9C2790CF79004136B2 /* EssentialFeed.framework in Frameworks */,
			);
			runOnlyForDeploymentPostprocessing = 0;
		};
		44E1F6CB2783378D00672A8B /* Frameworks */ = {
			isa = PBXFrameworksBuildPhase;
			buildActionMask = 2147483647;
			files = (
				44E1F6D22783378D00672A8B /* EssentialFeed.framework in Frameworks */,
			);
			runOnlyForDeploymentPostprocessing = 0;
		};
/* End PBXFrameworksBuildPhase section */

/* Begin PBXGroup section */
		440B65F327374A1100A04359 = {
			isa = PBXGroup;
			children = (
				440B65FF27374A1100A04359 /* EssentialFeed */,
				440B660B27374A1200A04359 /* EssentialFeedTests */,
				44E1F6CF2783378D00672A8B /* EssentialFeedAPIEndToEndTests */,
				4428CEC927960194009F9E7B /* EssentialFeediOS */,
				443C7F992790CF79004136B2 /* EssentialFeedCacheIntegrationTests */,
				4428CED327960195009F9E7B /* EssentialFeediOSTests */,
				440B65FE27374A1100A04359 /* Products */,
				4428CEE127984AB9009F9E7B /* Frameworks */,
			);
			sourceTree = "<group>";
		};
		440B65FE27374A1100A04359 /* Products */ = {
			isa = PBXGroup;
			children = (
				440B65FD27374A1100A04359 /* EssentialFeed.framework */,
				440B660727374A1200A04359 /* EssentialFeedTests.xctest */,
				44E1F6CE2783378D00672A8B /* EssentialFeedAPIEndToEndTests.xctest */,
				443C7F982790CF79004136B2 /* EssentialFeedCacheIntegrationTests.xctest */,
				4428CEC827960194009F9E7B /* EssentialFeediOS.framework */,
				4428CECF27960195009F9E7B /* EssentialFeediOSTests.xctest */,
			);
			name = Products;
			sourceTree = "<group>";
		};
		440B65FF27374A1100A04359 /* EssentialFeed */ = {
			isa = PBXGroup;
			children = (
				44AA431428136DB3000D756D /* ImageCommentsAPI */,
				44AA431028136CCA000D756D /* SharedAPI */,
				44AA430F28136CAE000D756D /* SharedAPIInfra */,
				44AA430C281364F1000D756D /* ImageCommentsFeature */,
				443ADF1927B53C28000C2F3D /* FeedPresentation */,
				443C307E2787B65D00B4B6C9 /* FeedCache */,
				4433206E2739E50700991244 /* FeedAPI */,
				440B661B27374BED00A04359 /* FeedFeature */,
				440B660027374A1100A04359 /* EssentialFeed.h */,
				440B660127374A1200A04359 /* EssentialFeed.docc */,
			);
			path = EssentialFeed;
			sourceTree = "<group>";
		};
		440B660B27374A1200A04359 /* EssentialFeedTests */ = {
			isa = PBXGroup;
			children = (
				44AA431528136DE5000D756D /* ImageCommentsAPI */,
				44AA431228136D08000D756D /* SharedAPIHelpers */,
				44AA431128136CE1000D756D /* SharedAPIInfra */,
				443ADF0F27B4B646000C2F3D /* FeedPresentation */,
				442AB84B274F032A007E8EAA /* Helpers */,
				443C307B27874A5700B4B6C9 /* FeedCache */,
				442B0B6527407CD60022A3A9 /* FeedAPI */,
			);
			path = EssentialFeedTests;
			sourceTree = "<group>";
		};
		440B661B27374BED00A04359 /* FeedFeature */ = {
			isa = PBXGroup;
			children = (
				4428CEF4279AF597009F9E7B /* FeedImageDataLoader.swift */,
				440B661727374A5200A04359 /* FeedImage.swift */,
				445A57D627E0241500353CEC /* FeedCache.swift */,
				445A57E027E02A7B00353CEC /* FeedImageDataCache.swift */,
			);
			path = FeedFeature;
			sourceTree = "<group>";
		};
		4428CEC927960194009F9E7B /* EssentialFeediOS */ = {
			isa = PBXGroup;
			children = (
				4428CEEF279AF535009F9E7B /* FeedUI */,
			);
			path = EssentialFeediOS;
			sourceTree = "<group>";
		};
		4428CED327960195009F9E7B /* EssentialFeediOSTests */ = {
			isa = PBXGroup;
			children = (
				447855CD27EA8EF100F7A7F5 /* Helpers */,
				447855CB27EA8AC600F7A7F5 /* FeedSnapshotTests.swift */,
			);
			path = EssentialFeediOSTests;
			sourceTree = "<group>";
		};
		4428CEE127984AB9009F9E7B /* Frameworks */ = {
			isa = PBXGroup;
			children = (
			);
			name = Frameworks;
			sourceTree = "<group>";
		};
		4428CEEF279AF535009F9E7B /* FeedUI */ = {
			isa = PBXGroup;
			children = (
				4428CEF3279AF56B009F9E7B /* Views */,
				4428CEF0279AF53D009F9E7B /* Controllers */,
			);
			path = FeedUI;
			sourceTree = "<group>";
		};
		4428CEF0279AF53D009F9E7B /* Controllers */ = {
			isa = PBXGroup;
			children = (
				4428CEE82798667D009F9E7B /* FeedViewController.swift */,
				4428CEF8279B038E009F9E7B /* FeedImageCellControler.swift */,
			);
			path = Controllers;
			sourceTree = "<group>";
		};
		4428CEF3279AF56B009F9E7B /* Views */ = {
			isa = PBXGroup;
			children = (
				443ADF0A27B4B3BF000C2F3D /* Helpers */,
				4428CEEA2799B250009F9E7B /* FeedImageCell.swift */,
				44E01DBC279EEECB006BBC82 /* Feed.storyboard */,
				44E01DBE279EFCAD006BBC82 /* Feed.xcassets */,
				443ADF0827B48EB8000C2F3D /* ErrorView.swift */,
			);
			path = Views;
			sourceTree = "<group>";
		};
		442AB84B274F032A007E8EAA /* Helpers */ = {
			isa = PBXGroup;
			children = (
				442AB84C274F0347007E8EAA /* XCTestCase+MemoryLeakTracking.swift */,
				443C3091278C9D7200B4B6C9 /* SharedTestHelpers.swift */,
			);
			path = Helpers;
			sourceTree = "<group>";
		};
		442B0B6527407CD60022A3A9 /* FeedAPI */ = {
			isa = PBXGroup;
			children = (
				446D7FCA27C0502500377094 /* LoadFeedImageDataFromRemoteUseCaseTests.swift */,
				44AA431B28137603000D756D /* FeedItemsMapperTests.swift */,
			);
			path = FeedAPI;
			sourceTree = "<group>";
		};
		4433206E2739E50700991244 /* FeedAPI */ = {
			isa = PBXGroup;
			children = (
				446D7FD227C07A8E00377094 /* Helpers */,
				442B0B63274071960022A3A9 /* FeedItemsMapper.swift */,
				446D7FCE27C076AB00377094 /* RemoteFeedImageDataLoader.swift */,
			);
			path = FeedAPI;
			sourceTree = "<group>";
		};
		443ADF0A27B4B3BF000C2F3D /* Helpers */ = {
			isa = PBXGroup;
			children = (
				4428CEEC2799D7A3009F9E7B /* UIView+Shimmering.swift */,
				440D3D9C279F1B5900D45CE3 /* UITableView+Dequeueing.swift */,
				440D3D9E279F1CE200D45CE3 /* UIImageView+Animations.swift */,
				443ADF0D27B4B54F000C2F3D /* UIRefreshControl+Helpers.swift */,
				447855D027EA8FF500F7A7F5 /* UITableView+HeaderSizing.swift */,
			);
			path = Helpers;
			sourceTree = "<group>";
		};
		443ADF0F27B4B646000C2F3D /* FeedPresentation */ = {
			isa = PBXGroup;
			children = (
				4405A4FD27A046B500B15004 /* FeedLocalizationTests.swift */,
				443ADF1027B4B660000C2F3D /* FeedPresenterTests.swift */,
				443ADF2427B53F5F000C2F3D /* FeedImagePresenterTests.swift */,
			);
			path = FeedPresentation;
			sourceTree = "<group>";
		};
		443ADF1927B53C28000C2F3D /* FeedPresentation */ = {
			isa = PBXGroup;
			children = (
				443ADF1627B53B89000C2F3D /* Feed.strings */,
				443ADF1A27B53C37000C2F3D /* FeedPresenter.swift */,
				443ADF2127B53CFF000C2F3D /* FeedErrorViewModel.swift */,
				443ADF1F27B53CE6000C2F3D /* FeedLoadingViewModel.swift */,
				443ADF1D27B53CC7000C2F3D /* FeedViewModel.swift */,
				443ADF2627B542B4000C2F3D /* FeedImagePresenter.swift */,
				443ADF2827B5432F000C2F3D /* FeedImageViewModel.swift */,
			);
			path = FeedPresentation;
			sourceTree = "<group>";
		};
		443C307B27874A5700B4B6C9 /* FeedCache */ = {
			isa = PBXGroup;
			children = (
				443C7F7B27909556004136B2 /* FeedStoreSpecs */,
				443C308A278A196100B4B6C9 /* Helpers */,
				443C307C27874A6A00B4B6C9 /* CacheFeedUseCaseTests.swift */,
				443C308D278C971900B4B6C9 /* ValidateFeedCacheUseCaseTests.swift */,
				443C3088278A149000B4B6C9 /* LoadFeedFromCacheUseCaseTests.swift */,
				443C7F8027909DC3004136B2 /* CoreDataFeedStoreTests.swift */,
				44427ECD27C463B400F9D0CB /* LoadFeedImageDataFromCacheUseCaseTests.swift */,
				44427ED527C4704000F9D0CB /* CacheFeedImageDataUseCaseTests.swift */,
				44427ED727C471D800F9D0CB /* CoreDataFeedImageDataStoreTests.swift */,
			);
			path = FeedCache;
			sourceTree = "<group>";
		};
		443C307E2787B65D00B4B6C9 /* FeedCache */ = {
			isa = PBXGroup;
			children = (
				443C7F8A2790C7B7004136B2 /* Infrastructure */,
				443C307F2787B66C00B4B6C9 /* LocalFeedLoader.swift */,
				443C30862789DDED00B4B6C9 /* LocalFeedImage.swift */,
				443C30812787B72600B4B6C9 /* FeedStore.swift */,
				443C3093278E0C5500B4B6C9 /* FeedCachePolicy.swift */,
				443C7F872790A9CB004136B2 /* FeedStore.xcdatamodeld */,
				44427ECF27C467BF00F9D0CB /* FeedImageDataStore.swift */,
				44427ED127C467DF00F9D0CB /* LocalFeedImageDataLoader.swift */,
			);
			path = FeedCache;
			sourceTree = "<group>";
		};
		443C308A278A196100B4B6C9 /* Helpers */ = {
			isa = PBXGroup;
			children = (
				443C308B278A197200B4B6C9 /* FeedStoreSpy.swift */,
				443C308F278C9CC500B4B6C9 /* FeedCacheTestHelpers.swift */,
				44427ED327C46F7A00F9D0CB /* FeedImageDataStoreSpy.swift */,
			);
			path = Helpers;
			sourceTree = "<group>";
		};
		443C7F7B27909556004136B2 /* FeedStoreSpecs */ = {
			isa = PBXGroup;
			children = (
				443C7F7927908343004136B2 /* XCTestCase+FeedStoreSpecs.swift */,
				443C7F772790820C004136B2 /* FeedStoreSpecs.swift */,
			);
			path = FeedStoreSpecs;
			sourceTree = "<group>";
		};
		443C7F8A2790C7B7004136B2 /* Infrastructure */ = {
			isa = PBXGroup;
			children = (
				443C7F8C2790C8E2004136B2 /* CoreData */,
			);
			path = Infrastructure;
			sourceTree = "<group>";
		};
		443C7F8C2790C8E2004136B2 /* CoreData */ = {
			isa = PBXGroup;
			children = (
				443C7F8227909E35004136B2 /* CoreDataFeedStore.swift */,
				443C7F8D2790C8F1004136B2 /* CoreDataHelpers.swift */,
				443C7F8F2790C96B004136B2 /* ManagedCache.swift */,
				443C7F912790C993004136B2 /* ManagedFeedImage.swift */,
				4445CD6C27C6FEA90013AAD8 /* CoreDataFeedStore+FeedImageDataLoader.swift */,
				449ACBF027C99ABE00E2EB67 /* CoreDataFeedStore+FeedStore.swift */,
			);
			path = CoreData;
			sourceTree = "<group>";
		};
		443C7F992790CF79004136B2 /* EssentialFeedCacheIntegrationTests */ = {
			isa = PBXGroup;
			children = (
				443C7F9A2790CF79004136B2 /* EssentialFeedCacheIntegrationTests.swift */,
			);
			path = EssentialFeedCacheIntegrationTests;
			sourceTree = "<group>";
		};
		446D7FD227C07A8E00377094 /* Helpers */ = {
			isa = PBXGroup;
			children = (
				446D7FD427C07AC400377094 /* HTTPURLReponse+StatusCode.swift */,
			);
			path = Helpers;
			sourceTree = "<group>";
		};
		447855CD27EA8EF100F7A7F5 /* Helpers */ = {
			isa = PBXGroup;
			children = (
				447855CE27EA8F0C00F7A7F5 /* UIImage+TestHelpers.swift */,
				447855D227EA96AA00F7A7F5 /* UIViewController+Snapshot.swift */,
				447855D427EA970300F7A7F5 /* XCTestCase+Snapshot.swift */,
			);
			path = Helpers;
			sourceTree = "<group>";
		};
		44AA430C281364F1000D756D /* ImageCommentsFeature */ = {
			isa = PBXGroup;
			children = (
				44AA430D28136506000D756D /* ImageComment.swift */,
			);
			path = ImageCommentsFeature;
			sourceTree = "<group>";
		};
		44AA430F28136CAE000D756D /* SharedAPIInfra */ = {
			isa = PBXGroup;
			children = (
				4470CE1E2757DD0E0045D45D /* URLSessionHTTPClient.swift */,
			);
			path = SharedAPIInfra;
			sourceTree = "<group>";
		};
		44AA431028136CCA000D756D /* SharedAPI */ = {
			isa = PBXGroup;
			children = (
				442B0B61274071150022A3A9 /* HTTPClient.swift */,
			);
			path = SharedAPI;
			sourceTree = "<group>";
		};
		44AA431128136CE1000D756D /* SharedAPIInfra */ = {
			isa = PBXGroup;
			children = (
				44AA431328136D35000D756D /* Helpers */,
				441C1EEA274540B40059707D /* URLSessionHTTPClientTests.swift */,
			);
			path = SharedAPIInfra;
			sourceTree = "<group>";
		};
		44AA431228136D08000D756D /* SharedAPIHelpers */ = {
			isa = PBXGroup;
			children = (
				446D7FCC27C0766000377094 /* HTTPClientSpy.swift */,
			);
			path = SharedAPIHelpers;
			sourceTree = "<group>";
		};
		44AA431328136D35000D756D /* Helpers */ = {
			isa = PBXGroup;
			children = (
				446D7FD627C07B5700377094 /* URLProtocolStub.swift */,
			);
			path = Helpers;
			sourceTree = "<group>";
		};
		44AA431428136DB3000D756D /* ImageCommentsAPI */ = {
			isa = PBXGroup;
			children = (
				44AA430A28136338000D756D /* ImageCommentsMapper.swift */,
			);
			path = ImageCommentsAPI;
			sourceTree = "<group>";
		};
		44AA431528136DE5000D756D /* ImageCommentsAPI */ = {
			isa = PBXGroup;
			children = (
				44AA431D28137AB5000D756D /* ImageCommentsMapperTests.swift */,
			);
			path = ImageCommentsAPI;
			sourceTree = "<group>";
		};
		44E1F6CF2783378D00672A8B /* EssentialFeedAPIEndToEndTests */ = {
			isa = PBXGroup;
			children = (
				44E1F6D02783378D00672A8B /* EssentialFeedAPIEndToEndTests.swift */,
			);
			path = EssentialFeedAPIEndToEndTests;
			sourceTree = "<group>";
		};
/* End PBXGroup section */

/* Begin PBXHeadersBuildPhase section */
		440B65F827374A1100A04359 /* Headers */ = {
			isa = PBXHeadersBuildPhase;
			buildActionMask = 2147483647;
			files = (
				440B660E27374A1200A04359 /* EssentialFeed.h in Headers */,
			);
			runOnlyForDeploymentPostprocessing = 0;
		};
		4428CEC327960194009F9E7B /* Headers */ = {
			isa = PBXHeadersBuildPhase;
			buildActionMask = 2147483647;
			files = (
			);
			runOnlyForDeploymentPostprocessing = 0;
		};
/* End PBXHeadersBuildPhase section */

/* Begin PBXNativeTarget section */
		440B65FC27374A1100A04359 /* EssentialFeed */ = {
			isa = PBXNativeTarget;
			buildConfigurationList = 440B661127374A1200A04359 /* Build configuration list for PBXNativeTarget "EssentialFeed" */;
			buildPhases = (
				440B65F827374A1100A04359 /* Headers */,
				440B65F927374A1100A04359 /* Sources */,
				440B65FA27374A1100A04359 /* Frameworks */,
				440B65FB27374A1100A04359 /* Resources */,
			);
			buildRules = (
			);
			dependencies = (
			);
			name = EssentialFeed;
			productName = EssentialFeed;
			productReference = 440B65FD27374A1100A04359 /* EssentialFeed.framework */;
			productType = "com.apple.product-type.framework";
		};
		440B660627374A1200A04359 /* EssentialFeedTests */ = {
			isa = PBXNativeTarget;
			buildConfigurationList = 440B661427374A1200A04359 /* Build configuration list for PBXNativeTarget "EssentialFeedTests" */;
			buildPhases = (
				440B660327374A1200A04359 /* Sources */,
				440B660427374A1200A04359 /* Frameworks */,
				440B660527374A1200A04359 /* Resources */,
			);
			buildRules = (
			);
			dependencies = (
				440B660A27374A1200A04359 /* PBXTargetDependency */,
			);
			name = EssentialFeedTests;
			productName = EssentialFeedTests;
			productReference = 440B660727374A1200A04359 /* EssentialFeedTests.xctest */;
			productType = "com.apple.product-type.bundle.unit-test";
		};
		4428CEC727960194009F9E7B /* EssentialFeediOS */ = {
			isa = PBXNativeTarget;
			buildConfigurationList = 4428CED727960195009F9E7B /* Build configuration list for PBXNativeTarget "EssentialFeediOS" */;
			buildPhases = (
				4428CEC327960194009F9E7B /* Headers */,
				4428CEC427960194009F9E7B /* Sources */,
				4428CEC527960194009F9E7B /* Frameworks */,
				4428CEC627960194009F9E7B /* Resources */,
				4428CEE627984AB9009F9E7B /* Embed Frameworks */,
			);
			buildRules = (
			);
			dependencies = (
				4428CEE527984AB9009F9E7B /* PBXTargetDependency */,
			);
			name = EssentialFeediOS;
			productName = EssentialFeediOS;
			productReference = 4428CEC827960194009F9E7B /* EssentialFeediOS.framework */;
			productType = "com.apple.product-type.framework";
		};
		4428CECE27960195009F9E7B /* EssentialFeediOSTests */ = {
			isa = PBXNativeTarget;
			buildConfigurationList = 4428CEDA27960195009F9E7B /* Build configuration list for PBXNativeTarget "EssentialFeediOSTests" */;
			buildPhases = (
				4428CECB27960195009F9E7B /* Sources */,
				4428CECC27960195009F9E7B /* Frameworks */,
				4428CECD27960195009F9E7B /* Resources */,
			);
			buildRules = (
			);
			dependencies = (
				4428CED227960195009F9E7B /* PBXTargetDependency */,
			);
			name = EssentialFeediOSTests;
			productName = EssentialFeediOSTests;
			productReference = 4428CECF27960195009F9E7B /* EssentialFeediOSTests.xctest */;
			productType = "com.apple.product-type.bundle.unit-test";
		};
		443C7F972790CF79004136B2 /* EssentialFeedCacheIntegrationTests */ = {
			isa = PBXNativeTarget;
			buildConfigurationList = 443C7F9F2790CF79004136B2 /* Build configuration list for PBXNativeTarget "EssentialFeedCacheIntegrationTests" */;
			buildPhases = (
				443C7F942790CF79004136B2 /* Sources */,
				443C7F952790CF79004136B2 /* Frameworks */,
				443C7F962790CF79004136B2 /* Resources */,
			);
			buildRules = (
			);
			dependencies = (
				443C7F9E2790CF79004136B2 /* PBXTargetDependency */,
			);
			name = EssentialFeedCacheIntegrationTests;
			productName = EssentialFeedCacheIntegrationTests;
			productReference = 443C7F982790CF79004136B2 /* EssentialFeedCacheIntegrationTests.xctest */;
			productType = "com.apple.product-type.bundle.unit-test";
		};
		44E1F6CD2783378D00672A8B /* EssentialFeedAPIEndToEndTests */ = {
			isa = PBXNativeTarget;
			buildConfigurationList = 44E1F6D72783378D00672A8B /* Build configuration list for PBXNativeTarget "EssentialFeedAPIEndToEndTests" */;
			buildPhases = (
				44E1F6CA2783378D00672A8B /* Sources */,
				44E1F6CB2783378D00672A8B /* Frameworks */,
				44E1F6CC2783378D00672A8B /* Resources */,
			);
			buildRules = (
			);
			dependencies = (
				44E1F6D42783378D00672A8B /* PBXTargetDependency */,
			);
			name = EssentialFeedAPIEndToEndTests;
			productName = EssentialFeedAPIEndToEndTests;
			productReference = 44E1F6CE2783378D00672A8B /* EssentialFeedAPIEndToEndTests.xctest */;
			productType = "com.apple.product-type.bundle.unit-test";
		};
/* End PBXNativeTarget section */

/* Begin PBXProject section */
		440B65F427374A1100A04359 /* Project object */ = {
			isa = PBXProject;
			attributes = {
				BuildIndependentTargetsInParallel = 1;
				LastSwiftUpdateCheck = 1320;
				LastUpgradeCheck = 1320;
				TargetAttributes = {
					440B65FC27374A1100A04359 = {
						CreatedOnToolsVersion = 13.0;
					};
					440B660627374A1200A04359 = {
						CreatedOnToolsVersion = 13.0;
					};
					4428CEC727960194009F9E7B = {
						CreatedOnToolsVersion = 13.2.1;
						LastSwiftMigration = 1320;
					};
					4428CECE27960195009F9E7B = {
						CreatedOnToolsVersion = 13.2.1;
						LastSwiftMigration = 1320;
					};
					443C7F972790CF79004136B2 = {
						CreatedOnToolsVersion = 13.1;
					};
					44E1F6CD2783378D00672A8B = {
						CreatedOnToolsVersion = 13.1;
					};
				};
			};
			buildConfigurationList = 440B65F727374A1100A04359 /* Build configuration list for PBXProject "EssentialFeed" */;
			compatibilityVersion = "Xcode 13.0";
			developmentRegion = en;
			hasScannedForEncodings = 0;
			knownRegions = (
				en,
				Base,
				"pt-BR",
				el,
			);
			mainGroup = 440B65F327374A1100A04359;
			productRefGroup = 440B65FE27374A1100A04359 /* Products */;
			projectDirPath = "";
			projectRoot = "";
			targets = (
				440B65FC27374A1100A04359 /* EssentialFeed */,
				440B660627374A1200A04359 /* EssentialFeedTests */,
				44E1F6CD2783378D00672A8B /* EssentialFeedAPIEndToEndTests */,
				443C7F972790CF79004136B2 /* EssentialFeedCacheIntegrationTests */,
				4428CEC727960194009F9E7B /* EssentialFeediOS */,
				4428CECE27960195009F9E7B /* EssentialFeediOSTests */,
			);
		};
/* End PBXProject section */

/* Begin PBXResourcesBuildPhase section */
		440B65FB27374A1100A04359 /* Resources */ = {
			isa = PBXResourcesBuildPhase;
			buildActionMask = 2147483647;
			files = (
				443ADF1C27B53C81000C2F3D /* Feed.strings in Resources */,
			);
			runOnlyForDeploymentPostprocessing = 0;
		};
		440B660527374A1200A04359 /* Resources */ = {
			isa = PBXResourcesBuildPhase;
			buildActionMask = 2147483647;
			files = (
			);
			runOnlyForDeploymentPostprocessing = 0;
		};
		4428CEC627960194009F9E7B /* Resources */ = {
			isa = PBXResourcesBuildPhase;
			buildActionMask = 2147483647;
			files = (
				44E01DBD279EEECB006BBC82 /* Feed.storyboard in Resources */,
				44E01DBF279EFCAD006BBC82 /* Feed.xcassets in Resources */,
			);
			runOnlyForDeploymentPostprocessing = 0;
		};
		4428CECD27960195009F9E7B /* Resources */ = {
			isa = PBXResourcesBuildPhase;
			buildActionMask = 2147483647;
			files = (
			);
			runOnlyForDeploymentPostprocessing = 0;
		};
		443C7F962790CF79004136B2 /* Resources */ = {
			isa = PBXResourcesBuildPhase;
			buildActionMask = 2147483647;
			files = (
			);
			runOnlyForDeploymentPostprocessing = 0;
		};
		44E1F6CC2783378D00672A8B /* Resources */ = {
			isa = PBXResourcesBuildPhase;
			buildActionMask = 2147483647;
			files = (
			);
			runOnlyForDeploymentPostprocessing = 0;
		};
/* End PBXResourcesBuildPhase section */

/* Begin PBXSourcesBuildPhase section */
		440B65F927374A1100A04359 /* Sources */ = {
			isa = PBXSourcesBuildPhase;
			buildActionMask = 2147483647;
			files = (
				44AA430E28136506000D756D /* ImageComment.swift in Sources */,
				443ADF1E27B53CC7000C2F3D /* FeedViewModel.swift in Sources */,
				443C7F922790C993004136B2 /* ManagedFeedImage.swift in Sources */,
				443C30872789DDED00B4B6C9 /* LocalFeedImage.swift in Sources */,
				443ADF2227B53CFF000C2F3D /* FeedErrorViewModel.swift in Sources */,
				443C7F892790A9CB004136B2 /* FeedStore.xcdatamodeld in Sources */,
				443C30822787B72600B4B6C9 /* FeedStore.swift in Sources */,
				443ADF2727B542B4000C2F3D /* FeedImagePresenter.swift in Sources */,
				443ADF1B27B53C38000C2F3D /* FeedPresenter.swift in Sources */,
				4470CE1F2757DD0F0045D45D /* URLSessionHTTPClient.swift in Sources */,
				443ADF2027B53CE6000C2F3D /* FeedLoadingViewModel.swift in Sources */,
				442B0B62274071150022A3A9 /* HTTPClient.swift in Sources */,
				446D7FC927C04FB100377094 /* FeedImageDataLoader.swift in Sources */,
				443C7F8E2790C8F1004136B2 /* CoreDataHelpers.swift in Sources */,
				449ACBF127C99ABE00E2EB67 /* CoreDataFeedStore+FeedStore.swift in Sources */,
				443C7F8327909E35004136B2 /* CoreDataFeedStore.swift in Sources */,
				44427ED027C467BF00F9D0CB /* FeedImageDataStore.swift in Sources */,
				443C7F902790C96B004136B2 /* ManagedCache.swift in Sources */,
				445A57D727E0241500353CEC /* FeedCache.swift in Sources */,
				4445CD6D27C6FEA90013AAD8 /* CoreDataFeedStore+FeedImageDataLoader.swift in Sources */,
				442B0B64274071960022A3A9 /* FeedItemsMapper.swift in Sources */,
				44AA430B28136338000D756D /* ImageCommentsMapper.swift in Sources */,
				443C3094278E0C5500B4B6C9 /* FeedCachePolicy.swift in Sources */,
				445A57E127E02A7B00353CEC /* FeedImageDataCache.swift in Sources */,
				443ADF2927B5432F000C2F3D /* FeedImageViewModel.swift in Sources */,
				446D7FCF27C076AB00377094 /* RemoteFeedImageDataLoader.swift in Sources */,
				440B661827374A5200A04359 /* FeedImage.swift in Sources */,
				44427ED227C467DF00F9D0CB /* LocalFeedImageDataLoader.swift in Sources */,
				443C30802787B66C00B4B6C9 /* LocalFeedLoader.swift in Sources */,
				440B660227374A1200A04359 /* EssentialFeed.docc in Sources */,
				446D7FD527C07AC400377094 /* HTTPURLReponse+StatusCode.swift in Sources */,
			);
			runOnlyForDeploymentPostprocessing = 0;
		};
		440B660327374A1200A04359 /* Sources */ = {
			isa = PBXSourcesBuildPhase;
			buildActionMask = 2147483647;
			files = (
				443ADF1127B4B660000C2F3D /* FeedPresenterTests.swift in Sources */,
				44427ECE27C463B400F9D0CB /* LoadFeedImageDataFromCacheUseCaseTests.swift in Sources */,
				44427ED627C4704000F9D0CB /* CacheFeedImageDataUseCaseTests.swift in Sources */,
				446D7FCD27C0766000377094 /* HTTPClientSpy.swift in Sources */,
				443C7F8127909DC3004136B2 /* CoreDataFeedStoreTests.swift in Sources */,
				44AA431E28137AB5000D756D /* ImageCommentsMapperTests.swift in Sources */,
				443C3090278C9CC500B4B6C9 /* FeedCacheTestHelpers.swift in Sources */,
				443C308E278C971900B4B6C9 /* ValidateFeedCacheUseCaseTests.swift in Sources */,
				443ADF2327B53E1B000C2F3D /* FeedLocalizationTests.swift in Sources */,
				446D7FCB27C0502500377094 /* LoadFeedImageDataFromRemoteUseCaseTests.swift in Sources */,
				441C1EEB274540B40059707D /* URLSessionHTTPClientTests.swift in Sources */,
				443ADF2527B53F60000C2F3D /* FeedImagePresenterTests.swift in Sources */,
				443C308C278A197200B4B6C9 /* FeedStoreSpy.swift in Sources */,
				44427ED427C46F7A00F9D0CB /* FeedImageDataStoreSpy.swift in Sources */,
				44427ED827C471D800F9D0CB /* CoreDataFeedImageDataStoreTests.swift in Sources */,
				443C3092278C9D7200B4B6C9 /* SharedTestHelpers.swift in Sources */,
				443C307D27874A6A00B4B6C9 /* CacheFeedUseCaseTests.swift in Sources */,
				446D7FD827C07B8400377094 /* URLProtocolStub.swift in Sources */,
				443C3089278A149000B4B6C9 /* LoadFeedFromCacheUseCaseTests.swift in Sources */,
				44AA431C28137603000D756D /* FeedItemsMapperTests.swift in Sources */,
				443C7F782790820C004136B2 /* FeedStoreSpecs.swift in Sources */,
				442AB84D274F0348007E8EAA /* XCTestCase+MemoryLeakTracking.swift in Sources */,
				443C7F7A27908343004136B2 /* XCTestCase+FeedStoreSpecs.swift in Sources */,
			);
			runOnlyForDeploymentPostprocessing = 0;
		};
		4428CEC427960194009F9E7B /* Sources */ = {
			isa = PBXSourcesBuildPhase;
			buildActionMask = 2147483647;
			files = (
				447855D127EA8FF500F7A7F5 /* UITableView+HeaderSizing.swift in Sources */,
				4428CEF9279B038E009F9E7B /* FeedImageCellControler.swift in Sources */,
				443ADF0E27B4B54F000C2F3D /* UIRefreshControl+Helpers.swift in Sources */,
				440D3D9D279F1B5900D45CE3 /* UITableView+Dequeueing.swift in Sources */,
				443ADF0927B48EB8000C2F3D /* ErrorView.swift in Sources */,
				440D3D9F279F1CE200D45CE3 /* UIImageView+Animations.swift in Sources */,
				4428CEED2799D7A3009F9E7B /* UIView+Shimmering.swift in Sources */,
				4428CEE92798667D009F9E7B /* FeedViewController.swift in Sources */,
				4428CEEB2799B250009F9E7B /* FeedImageCell.swift in Sources */,
			);
			runOnlyForDeploymentPostprocessing = 0;
		};
		4428CECB27960195009F9E7B /* Sources */ = {
			isa = PBXSourcesBuildPhase;
			buildActionMask = 2147483647;
			files = (
				4428CEE7279852C3009F9E7B /* XCTestCase+MemoryLeakTracking.swift in Sources */,
				447855CC27EA8AC600F7A7F5 /* FeedSnapshotTests.swift in Sources */,
				447855D527EA970300F7A7F5 /* XCTestCase+Snapshot.swift in Sources */,
				447855D327EA96AA00F7A7F5 /* UIViewController+Snapshot.swift in Sources */,
				447855CF27EA8F0C00F7A7F5 /* UIImage+TestHelpers.swift in Sources */,
			);
			runOnlyForDeploymentPostprocessing = 0;
		};
		443C7F942790CF79004136B2 /* Sources */ = {
			isa = PBXSourcesBuildPhase;
			buildActionMask = 2147483647;
			files = (
				443C7FA42790DA7F004136B2 /* SharedTestHelpers.swift in Sources */,
				443C7F9B2790CF79004136B2 /* EssentialFeedCacheIntegrationTests.swift in Sources */,
				443C7FA32790DA59004136B2 /* FeedCacheTestHelpers.swift in Sources */,
				443C7FA22790D195004136B2 /* XCTestCase+MemoryLeakTracking.swift in Sources */,
			);
			runOnlyForDeploymentPostprocessing = 0;
		};
		44E1F6CA2783378D00672A8B /* Sources */ = {
			isa = PBXSourcesBuildPhase;
			buildActionMask = 2147483647;
			files = (
				44E1F6D12783378D00672A8B /* EssentialFeedAPIEndToEndTests.swift in Sources */,
				44E1F6D8278354F900672A8B /* XCTestCase+MemoryLeakTracking.swift in Sources */,
			);
			runOnlyForDeploymentPostprocessing = 0;
		};
/* End PBXSourcesBuildPhase section */

/* Begin PBXTargetDependency section */
		440B660A27374A1200A04359 /* PBXTargetDependency */ = {
			isa = PBXTargetDependency;
			target = 440B65FC27374A1100A04359 /* EssentialFeed */;
			targetProxy = 440B660927374A1200A04359 /* PBXContainerItemProxy */;
		};
		4428CED227960195009F9E7B /* PBXTargetDependency */ = {
			isa = PBXTargetDependency;
			target = 4428CEC727960194009F9E7B /* EssentialFeediOS */;
			targetProxy = 4428CED127960195009F9E7B /* PBXContainerItemProxy */;
		};
		4428CEE527984AB9009F9E7B /* PBXTargetDependency */ = {
			isa = PBXTargetDependency;
			platformFilter = ios;
			target = 440B65FC27374A1100A04359 /* EssentialFeed */;
			targetProxy = 4428CEE427984AB9009F9E7B /* PBXContainerItemProxy */;
		};
		443C7F9E2790CF79004136B2 /* PBXTargetDependency */ = {
			isa = PBXTargetDependency;
			target = 440B65FC27374A1100A04359 /* EssentialFeed */;
			targetProxy = 443C7F9D2790CF79004136B2 /* PBXContainerItemProxy */;
		};
		44E1F6D42783378D00672A8B /* PBXTargetDependency */ = {
			isa = PBXTargetDependency;
			target = 440B65FC27374A1100A04359 /* EssentialFeed */;
			targetProxy = 44E1F6D32783378D00672A8B /* PBXContainerItemProxy */;
		};
/* End PBXTargetDependency section */

/* Begin PBXVariantGroup section */
		443ADF1627B53B89000C2F3D /* Feed.strings */ = {
			isa = PBXVariantGroup;
			children = (
				443ADF1527B53B89000C2F3D /* en */,
				443ADF1727B53B8E000C2F3D /* el */,
				443ADF1827B53B90000C2F3D /* pt-BR */,
			);
			name = Feed.strings;
			sourceTree = "<group>";
		};
/* End PBXVariantGroup section */

/* Begin XCBuildConfiguration section */
		440B660F27374A1200A04359 /* Debug */ = {
			isa = XCBuildConfiguration;
			buildSettings = {
				ALWAYS_SEARCH_USER_PATHS = NO;
				CLANG_ANALYZER_LOCALIZABILITY_NONLOCALIZED = YES;
				CLANG_ANALYZER_NONNULL = YES;
				CLANG_ANALYZER_NUMBER_OBJECT_CONVERSION = YES_AGGRESSIVE;
				CLANG_CXX_LANGUAGE_STANDARD = "gnu++17";
				CLANG_CXX_LIBRARY = "libc++";
				CLANG_ENABLE_MODULES = YES;
				CLANG_ENABLE_OBJC_ARC = YES;
				CLANG_ENABLE_OBJC_WEAK = YES;
				CLANG_WARN_BLOCK_CAPTURE_AUTORELEASING = YES;
				CLANG_WARN_BOOL_CONVERSION = YES;
				CLANG_WARN_COMMA = YES;
				CLANG_WARN_CONSTANT_CONVERSION = YES;
				CLANG_WARN_DEPRECATED_OBJC_IMPLEMENTATIONS = YES;
				CLANG_WARN_DIRECT_OBJC_ISA_USAGE = YES_ERROR;
				CLANG_WARN_DOCUMENTATION_COMMENTS = YES;
				CLANG_WARN_EMPTY_BODY = YES;
				CLANG_WARN_ENUM_CONVERSION = YES;
				CLANG_WARN_INFINITE_RECURSION = YES;
				CLANG_WARN_INT_CONVERSION = YES;
				CLANG_WARN_NON_LITERAL_NULL_CONVERSION = YES;
				CLANG_WARN_OBJC_IMPLICIT_RETAIN_SELF = YES;
				CLANG_WARN_OBJC_LITERAL_CONVERSION = YES;
				CLANG_WARN_OBJC_ROOT_CLASS = YES_ERROR;
				CLANG_WARN_QUOTED_INCLUDE_IN_FRAMEWORK_HEADER = YES;
				CLANG_WARN_RANGE_LOOP_ANALYSIS = YES;
				CLANG_WARN_STRICT_PROTOTYPES = YES;
				CLANG_WARN_SUSPICIOUS_MOVE = YES;
				CLANG_WARN_UNGUARDED_AVAILABILITY = YES_AGGRESSIVE;
				CLANG_WARN_UNREACHABLE_CODE = YES;
				CLANG_WARN__DUPLICATE_METHOD_MATCH = YES;
				COPY_PHASE_STRIP = NO;
				CURRENT_PROJECT_VERSION = 1;
				DEBUG_INFORMATION_FORMAT = dwarf;
				ENABLE_STRICT_OBJC_MSGSEND = YES;
				ENABLE_TESTABILITY = YES;
				GCC_C_LANGUAGE_STANDARD = gnu11;
				GCC_DYNAMIC_NO_PIC = NO;
				GCC_NO_COMMON_BLOCKS = YES;
				GCC_OPTIMIZATION_LEVEL = 0;
				GCC_PREPROCESSOR_DEFINITIONS = (
					"DEBUG=1",
					"$(inherited)",
				);
				GCC_WARN_64_TO_32_BIT_CONVERSION = YES;
				GCC_WARN_ABOUT_RETURN_TYPE = YES_ERROR;
				GCC_WARN_UNDECLARED_SELECTOR = YES;
				GCC_WARN_UNINITIALIZED_AUTOS = YES_AGGRESSIVE;
				GCC_WARN_UNUSED_FUNCTION = YES;
				GCC_WARN_UNUSED_VARIABLE = YES;
				IPHONEOS_DEPLOYMENT_TARGET = 15.2;
				MACOSX_DEPLOYMENT_TARGET = 11.3;
				MTL_ENABLE_DEBUG_INFO = INCLUDE_SOURCE;
				MTL_FAST_MATH = YES;
				ONLY_ACTIVE_ARCH = YES;
				SDKROOT = macosx;
				SWIFT_ACTIVE_COMPILATION_CONDITIONS = DEBUG;
				SWIFT_OPTIMIZATION_LEVEL = "-Onone";
				VERSIONING_SYSTEM = "apple-generic";
				VERSION_INFO_PREFIX = "";
			};
			name = Debug;
		};
		440B661027374A1200A04359 /* Release */ = {
			isa = XCBuildConfiguration;
			buildSettings = {
				ALWAYS_SEARCH_USER_PATHS = NO;
				CLANG_ANALYZER_LOCALIZABILITY_NONLOCALIZED = YES;
				CLANG_ANALYZER_NONNULL = YES;
				CLANG_ANALYZER_NUMBER_OBJECT_CONVERSION = YES_AGGRESSIVE;
				CLANG_CXX_LANGUAGE_STANDARD = "gnu++17";
				CLANG_CXX_LIBRARY = "libc++";
				CLANG_ENABLE_MODULES = YES;
				CLANG_ENABLE_OBJC_ARC = YES;
				CLANG_ENABLE_OBJC_WEAK = YES;
				CLANG_WARN_BLOCK_CAPTURE_AUTORELEASING = YES;
				CLANG_WARN_BOOL_CONVERSION = YES;
				CLANG_WARN_COMMA = YES;
				CLANG_WARN_CONSTANT_CONVERSION = YES;
				CLANG_WARN_DEPRECATED_OBJC_IMPLEMENTATIONS = YES;
				CLANG_WARN_DIRECT_OBJC_ISA_USAGE = YES_ERROR;
				CLANG_WARN_DOCUMENTATION_COMMENTS = YES;
				CLANG_WARN_EMPTY_BODY = YES;
				CLANG_WARN_ENUM_CONVERSION = YES;
				CLANG_WARN_INFINITE_RECURSION = YES;
				CLANG_WARN_INT_CONVERSION = YES;
				CLANG_WARN_NON_LITERAL_NULL_CONVERSION = YES;
				CLANG_WARN_OBJC_IMPLICIT_RETAIN_SELF = YES;
				CLANG_WARN_OBJC_LITERAL_CONVERSION = YES;
				CLANG_WARN_OBJC_ROOT_CLASS = YES_ERROR;
				CLANG_WARN_QUOTED_INCLUDE_IN_FRAMEWORK_HEADER = YES;
				CLANG_WARN_RANGE_LOOP_ANALYSIS = YES;
				CLANG_WARN_STRICT_PROTOTYPES = YES;
				CLANG_WARN_SUSPICIOUS_MOVE = YES;
				CLANG_WARN_UNGUARDED_AVAILABILITY = YES_AGGRESSIVE;
				CLANG_WARN_UNREACHABLE_CODE = YES;
				CLANG_WARN__DUPLICATE_METHOD_MATCH = YES;
				COPY_PHASE_STRIP = NO;
				CURRENT_PROJECT_VERSION = 1;
				DEBUG_INFORMATION_FORMAT = "dwarf-with-dsym";
				ENABLE_NS_ASSERTIONS = NO;
				ENABLE_STRICT_OBJC_MSGSEND = YES;
				GCC_C_LANGUAGE_STANDARD = gnu11;
				GCC_NO_COMMON_BLOCKS = YES;
				GCC_WARN_64_TO_32_BIT_CONVERSION = YES;
				GCC_WARN_ABOUT_RETURN_TYPE = YES_ERROR;
				GCC_WARN_UNDECLARED_SELECTOR = YES;
				GCC_WARN_UNINITIALIZED_AUTOS = YES_AGGRESSIVE;
				GCC_WARN_UNUSED_FUNCTION = YES;
				GCC_WARN_UNUSED_VARIABLE = YES;
				IPHONEOS_DEPLOYMENT_TARGET = 15.2;
				MACOSX_DEPLOYMENT_TARGET = 11.3;
				MTL_ENABLE_DEBUG_INFO = NO;
				MTL_FAST_MATH = YES;
				SDKROOT = macosx;
				SWIFT_COMPILATION_MODE = wholemodule;
				SWIFT_OPTIMIZATION_LEVEL = "-O";
				VERSIONING_SYSTEM = "apple-generic";
				VERSION_INFO_PREFIX = "";
			};
			name = Release;
		};
		440B661227374A1200A04359 /* Debug */ = {
			isa = XCBuildConfiguration;
			buildSettings = {
				CODE_SIGN_IDENTITY = "";
				CODE_SIGN_STYLE = Automatic;
				COMBINE_HIDPI_IMAGES = YES;
				CURRENT_PROJECT_VERSION = 1;
				DEFINES_MODULE = YES;
				DEVELOPMENT_TEAM = 2Q2H7KJ2QP;
				DYLIB_COMPATIBILITY_VERSION = 1;
				DYLIB_CURRENT_VERSION = 1;
				DYLIB_INSTALL_NAME_BASE = "@rpath";
				GENERATE_INFOPLIST_FILE = YES;
				INFOPLIST_KEY_NSHumanReadableCopyright = "";
				INSTALL_PATH = "$(LOCAL_LIBRARY_DIR)/Frameworks";
				LD_RUNPATH_SEARCH_PATHS = (
					"$(inherited)",
					"@executable_path/../Frameworks",
					"@loader_path/Frameworks",
				);
				MARKETING_VERSION = 1.0;
				PRODUCT_BUNDLE_IDENTIFIER = gilsonsantos03.EssentialFeed;
				PRODUCT_NAME = "$(TARGET_NAME:c99extidentifier)";
				SKIP_INSTALL = YES;
				SUPPORTED_PLATFORMS = "macosx iphonesimulator iphoneos";
				SWIFT_EMIT_LOC_STRINGS = YES;
				SWIFT_VERSION = 5.0;
			};
			name = Debug;
		};
		440B661327374A1200A04359 /* Release */ = {
			isa = XCBuildConfiguration;
			buildSettings = {
				CODE_SIGN_STYLE = Automatic;
				COMBINE_HIDPI_IMAGES = YES;
				CURRENT_PROJECT_VERSION = 1;
				DEFINES_MODULE = YES;
				DYLIB_COMPATIBILITY_VERSION = 1;
				DYLIB_CURRENT_VERSION = 1;
				DYLIB_INSTALL_NAME_BASE = "@rpath";
				GENERATE_INFOPLIST_FILE = YES;
				INFOPLIST_KEY_NSHumanReadableCopyright = "";
				INSTALL_PATH = "$(LOCAL_LIBRARY_DIR)/Frameworks";
				LD_RUNPATH_SEARCH_PATHS = (
					"$(inherited)",
					"@executable_path/../Frameworks",
					"@loader_path/Frameworks",
				);
				MARKETING_VERSION = 1.0;
				PRODUCT_BUNDLE_IDENTIFIER = gilsonsantos03.EssentialFeed;
				PRODUCT_NAME = "$(TARGET_NAME:c99extidentifier)";
				SKIP_INSTALL = YES;
				SUPPORTED_PLATFORMS = "macosx iphonesimulator iphoneos";
				SWIFT_EMIT_LOC_STRINGS = YES;
				SWIFT_VERSION = 5.0;
			};
			name = Release;
		};
		440B661527374A1200A04359 /* Debug */ = {
			isa = XCBuildConfiguration;
			buildSettings = {
				ALWAYS_EMBED_SWIFT_STANDARD_LIBRARIES = YES;
				CODE_SIGN_STYLE = Automatic;
				COMBINE_HIDPI_IMAGES = YES;
				CURRENT_PROJECT_VERSION = 1;
				DEVELOPMENT_TEAM = 2Q2H7KJ2QP;
				GENERATE_INFOPLIST_FILE = YES;
				LD_RUNPATH_SEARCH_PATHS = (
					"$(inherited)",
					"@executable_path/../Frameworks",
					"@loader_path/../Frameworks",
				);
				MARKETING_VERSION = 1.0;
				PRODUCT_BUNDLE_IDENTIFIER = gilsonsantos03.EssentialFeedTests;
				PRODUCT_NAME = "$(TARGET_NAME)";
				SUPPORTED_PLATFORMS = "macosx iphonesimulator iphoneos";
				SWIFT_EMIT_LOC_STRINGS = NO;
				SWIFT_VERSION = 5.0;
			};
			name = Debug;
		};
		440B661627374A1200A04359 /* Release */ = {
			isa = XCBuildConfiguration;
			buildSettings = {
				ALWAYS_EMBED_SWIFT_STANDARD_LIBRARIES = YES;
				CODE_SIGN_STYLE = Automatic;
				COMBINE_HIDPI_IMAGES = YES;
				CURRENT_PROJECT_VERSION = 1;
				GENERATE_INFOPLIST_FILE = YES;
				LD_RUNPATH_SEARCH_PATHS = (
					"$(inherited)",
					"@executable_path/../Frameworks",
					"@loader_path/../Frameworks",
				);
				MARKETING_VERSION = 1.0;
				PRODUCT_BUNDLE_IDENTIFIER = gilsonsantos03.EssentialFeedTests;
				PRODUCT_NAME = "$(TARGET_NAME)";
				SUPPORTED_PLATFORMS = "macosx iphonesimulator iphoneos";
				SWIFT_EMIT_LOC_STRINGS = NO;
				SWIFT_VERSION = 5.0;
			};
			name = Release;
		};
		4428CED827960195009F9E7B /* Debug */ = {
			isa = XCBuildConfiguration;
			buildSettings = {
				CLANG_ENABLE_MODULES = YES;
				CODE_SIGN_IDENTITY = "";
				CODE_SIGN_STYLE = Automatic;
				CURRENT_PROJECT_VERSION = 1;
				DEFINES_MODULE = YES;
				DEVELOPMENT_TEAM = 2Q2H7KJ2QP;
				DYLIB_COMPATIBILITY_VERSION = 1;
				DYLIB_CURRENT_VERSION = 1;
				DYLIB_INSTALL_NAME_BASE = "@rpath";
				GENERATE_INFOPLIST_FILE = YES;
				INFOPLIST_KEY_NSHumanReadableCopyright = "";
				INSTALL_PATH = "$(LOCAL_LIBRARY_DIR)/Frameworks";
				IPHONEOS_DEPLOYMENT_TARGET = 15.2;
				LD_RUNPATH_SEARCH_PATHS = (
					"$(inherited)",
					"@executable_path/Frameworks",
					"@loader_path/Frameworks",
				);
				MARKETING_VERSION = 1.0;
				PRODUCT_BUNDLE_IDENTIFIER = gilsonsantos03.EssentialFeediOS;
				PRODUCT_NAME = "$(TARGET_NAME:c99extidentifier)";
				SDKROOT = iphoneos;
				SKIP_INSTALL = YES;
				SWIFT_EMIT_LOC_STRINGS = YES;
				SWIFT_OPTIMIZATION_LEVEL = "-Onone";
				SWIFT_VERSION = 5.0;
				TARGETED_DEVICE_FAMILY = "1,2";
			};
			name = Debug;
		};
		4428CED927960195009F9E7B /* Release */ = {
			isa = XCBuildConfiguration;
			buildSettings = {
				CLANG_ENABLE_MODULES = YES;
				CODE_SIGN_STYLE = Automatic;
				CURRENT_PROJECT_VERSION = 1;
				DEFINES_MODULE = YES;
				DYLIB_COMPATIBILITY_VERSION = 1;
				DYLIB_CURRENT_VERSION = 1;
				DYLIB_INSTALL_NAME_BASE = "@rpath";
				GENERATE_INFOPLIST_FILE = YES;
				INFOPLIST_KEY_NSHumanReadableCopyright = "";
				INSTALL_PATH = "$(LOCAL_LIBRARY_DIR)/Frameworks";
				IPHONEOS_DEPLOYMENT_TARGET = 15.2;
				LD_RUNPATH_SEARCH_PATHS = (
					"$(inherited)",
					"@executable_path/Frameworks",
					"@loader_path/Frameworks",
				);
				MARKETING_VERSION = 1.0;
				PRODUCT_BUNDLE_IDENTIFIER = gilsonsantos03.EssentialFeediOS;
				PRODUCT_NAME = "$(TARGET_NAME:c99extidentifier)";
				SDKROOT = iphoneos;
				SKIP_INSTALL = YES;
				SWIFT_EMIT_LOC_STRINGS = YES;
				SWIFT_VERSION = 5.0;
				TARGETED_DEVICE_FAMILY = "1,2";
				VALIDATE_PRODUCT = YES;
			};
			name = Release;
		};
		4428CEDB27960195009F9E7B /* Debug */ = {
			isa = XCBuildConfiguration;
			buildSettings = {
				ALWAYS_EMBED_SWIFT_STANDARD_LIBRARIES = YES;
				CLANG_ENABLE_MODULES = YES;
				CODE_SIGN_STYLE = Automatic;
				CURRENT_PROJECT_VERSION = 1;
				DEVELOPMENT_TEAM = 2Q2H7KJ2QP;
				GENERATE_INFOPLIST_FILE = YES;
				IPHONEOS_DEPLOYMENT_TARGET = 15.2;
				LD_RUNPATH_SEARCH_PATHS = (
					"$(inherited)",
					"@executable_path/Frameworks",
					"@loader_path/Frameworks",
				);
				MARKETING_VERSION = 1.0;
				PRODUCT_BUNDLE_IDENTIFIER = gilsonsantos03.EssentialFeediOSTests;
				PRODUCT_NAME = "$(TARGET_NAME)";
				SDKROOT = iphoneos;
				SWIFT_EMIT_LOC_STRINGS = NO;
				SWIFT_OPTIMIZATION_LEVEL = "-Onone";
				SWIFT_VERSION = 5.0;
				TARGETED_DEVICE_FAMILY = "1,2";
			};
			name = Debug;
		};
		4428CEDC27960195009F9E7B /* Release */ = {
			isa = XCBuildConfiguration;
			buildSettings = {
				ALWAYS_EMBED_SWIFT_STANDARD_LIBRARIES = YES;
				CLANG_ENABLE_MODULES = YES;
				CODE_SIGN_STYLE = Automatic;
				CURRENT_PROJECT_VERSION = 1;
				GENERATE_INFOPLIST_FILE = YES;
				IPHONEOS_DEPLOYMENT_TARGET = 15.2;
				LD_RUNPATH_SEARCH_PATHS = (
					"$(inherited)",
					"@executable_path/Frameworks",
					"@loader_path/Frameworks",
				);
				MARKETING_VERSION = 1.0;
				PRODUCT_BUNDLE_IDENTIFIER = gilsonsantos03.EssentialFeediOSTests;
				PRODUCT_NAME = "$(TARGET_NAME)";
				SDKROOT = iphoneos;
				SWIFT_EMIT_LOC_STRINGS = NO;
				SWIFT_VERSION = 5.0;
				TARGETED_DEVICE_FAMILY = "1,2";
				VALIDATE_PRODUCT = YES;
			};
			name = Release;
		};
		443C7FA02790CF79004136B2 /* Debug */ = {
			isa = XCBuildConfiguration;
			buildSettings = {
				CODE_SIGN_STYLE = Automatic;
				COMBINE_HIDPI_IMAGES = YES;
				CURRENT_PROJECT_VERSION = 1;
				DEVELOPMENT_TEAM = 2Q2H7KJ2QP;
				GENERATE_INFOPLIST_FILE = YES;
				LD_RUNPATH_SEARCH_PATHS = (
					"$(inherited)",
					"@executable_path/../Frameworks",
					"@loader_path/../Frameworks",
				);
				MACOSX_DEPLOYMENT_TARGET = 12.0;
				MARKETING_VERSION = 1.0;
				PRODUCT_BUNDLE_IDENTIFIER = gilsonsantos03.EssentialFeedCacheIntegrationTests;
				PRODUCT_NAME = "$(TARGET_NAME)";
				SUPPORTED_PLATFORMS = "macosx iphoneos iphonesimulator";
				SWIFT_EMIT_LOC_STRINGS = NO;
				SWIFT_VERSION = 5.0;
			};
			name = Debug;
		};
		443C7FA12790CF79004136B2 /* Release */ = {
			isa = XCBuildConfiguration;
			buildSettings = {
				CODE_SIGN_STYLE = Automatic;
				COMBINE_HIDPI_IMAGES = YES;
				CURRENT_PROJECT_VERSION = 1;
				GENERATE_INFOPLIST_FILE = YES;
				LD_RUNPATH_SEARCH_PATHS = (
					"$(inherited)",
					"@executable_path/../Frameworks",
					"@loader_path/../Frameworks",
				);
				MACOSX_DEPLOYMENT_TARGET = 12.0;
				MARKETING_VERSION = 1.0;
				PRODUCT_BUNDLE_IDENTIFIER = gilsonsantos03.EssentialFeedCacheIntegrationTests;
				PRODUCT_NAME = "$(TARGET_NAME)";
				SUPPORTED_PLATFORMS = "macosx iphoneos iphonesimulator";
				SWIFT_EMIT_LOC_STRINGS = NO;
				SWIFT_VERSION = 5.0;
			};
			name = Release;
		};
		44E1F6D52783378D00672A8B /* Debug */ = {
			isa = XCBuildConfiguration;
			buildSettings = {
				CODE_SIGN_STYLE = Automatic;
				COMBINE_HIDPI_IMAGES = YES;
				CURRENT_PROJECT_VERSION = 1;
				DEVELOPMENT_TEAM = 2Q2H7KJ2QP;
				GENERATE_INFOPLIST_FILE = YES;
				LD_RUNPATH_SEARCH_PATHS = (
					"$(inherited)",
					"@executable_path/../Frameworks",
					"@loader_path/../Frameworks",
				);
				MACOSX_DEPLOYMENT_TARGET = 12.0;
				MARKETING_VERSION = 1.0;
				PRODUCT_BUNDLE_IDENTIFIER = gilsonsantos03.EssentialFeedAPIEndToEndTests;
				PRODUCT_NAME = "$(TARGET_NAME)";
				SUPPORTED_PLATFORMS = "macosx iphoneos iphonesimulator";
				SWIFT_EMIT_LOC_STRINGS = NO;
				SWIFT_VERSION = 5.0;
			};
			name = Debug;
		};
		44E1F6D62783378D00672A8B /* Release */ = {
			isa = XCBuildConfiguration;
			buildSettings = {
				CODE_SIGN_STYLE = Automatic;
				COMBINE_HIDPI_IMAGES = YES;
				CURRENT_PROJECT_VERSION = 1;
				GENERATE_INFOPLIST_FILE = YES;
				LD_RUNPATH_SEARCH_PATHS = (
					"$(inherited)",
					"@executable_path/../Frameworks",
					"@loader_path/../Frameworks",
				);
				MACOSX_DEPLOYMENT_TARGET = 12.0;
				MARKETING_VERSION = 1.0;
				PRODUCT_BUNDLE_IDENTIFIER = gilsonsantos03.EssentialFeedAPIEndToEndTests;
				PRODUCT_NAME = "$(TARGET_NAME)";
				SUPPORTED_PLATFORMS = "macosx iphoneos iphonesimulator";
				SWIFT_EMIT_LOC_STRINGS = NO;
				SWIFT_VERSION = 5.0;
			};
			name = Release;
		};
/* End XCBuildConfiguration section */

/* Begin XCConfigurationList section */
		440B65F727374A1100A04359 /* Build configuration list for PBXProject "EssentialFeed" */ = {
			isa = XCConfigurationList;
			buildConfigurations = (
				440B660F27374A1200A04359 /* Debug */,
				440B661027374A1200A04359 /* Release */,
			);
			defaultConfigurationIsVisible = 0;
			defaultConfigurationName = Release;
		};
		440B661127374A1200A04359 /* Build configuration list for PBXNativeTarget "EssentialFeed" */ = {
			isa = XCConfigurationList;
			buildConfigurations = (
				440B661227374A1200A04359 /* Debug */,
				440B661327374A1200A04359 /* Release */,
			);
			defaultConfigurationIsVisible = 0;
			defaultConfigurationName = Release;
		};
		440B661427374A1200A04359 /* Build configuration list for PBXNativeTarget "EssentialFeedTests" */ = {
			isa = XCConfigurationList;
			buildConfigurations = (
				440B661527374A1200A04359 /* Debug */,
				440B661627374A1200A04359 /* Release */,
			);
			defaultConfigurationIsVisible = 0;
			defaultConfigurationName = Release;
		};
		4428CED727960195009F9E7B /* Build configuration list for PBXNativeTarget "EssentialFeediOS" */ = {
			isa = XCConfigurationList;
			buildConfigurations = (
				4428CED827960195009F9E7B /* Debug */,
				4428CED927960195009F9E7B /* Release */,
			);
			defaultConfigurationIsVisible = 0;
			defaultConfigurationName = Release;
		};
		4428CEDA27960195009F9E7B /* Build configuration list for PBXNativeTarget "EssentialFeediOSTests" */ = {
			isa = XCConfigurationList;
			buildConfigurations = (
				4428CEDB27960195009F9E7B /* Debug */,
				4428CEDC27960195009F9E7B /* Release */,
			);
			defaultConfigurationIsVisible = 0;
			defaultConfigurationName = Release;
		};
		443C7F9F2790CF79004136B2 /* Build configuration list for PBXNativeTarget "EssentialFeedCacheIntegrationTests" */ = {
			isa = XCConfigurationList;
			buildConfigurations = (
				443C7FA02790CF79004136B2 /* Debug */,
				443C7FA12790CF79004136B2 /* Release */,
			);
			defaultConfigurationIsVisible = 0;
			defaultConfigurationName = Release;
		};
		44E1F6D72783378D00672A8B /* Build configuration list for PBXNativeTarget "EssentialFeedAPIEndToEndTests" */ = {
			isa = XCConfigurationList;
			buildConfigurations = (
				44E1F6D52783378D00672A8B /* Debug */,
				44E1F6D62783378D00672A8B /* Release */,
			);
			defaultConfigurationIsVisible = 0;
			defaultConfigurationName = Release;
		};
/* End XCConfigurationList section */

/* Begin XCVersionGroup section */
		443C7F872790A9CB004136B2 /* FeedStore.xcdatamodeld */ = {
			isa = XCVersionGroup;
			children = (
				44427ED927C4737500F9D0CB /* FeedStore2.xcdatamodel */,
				443C7F882790A9CB004136B2 /* FeedStore.xcdatamodel */,
			);
			currentVersion = 44427ED927C4737500F9D0CB /* FeedStore2.xcdatamodel */;
			path = FeedStore.xcdatamodeld;
			sourceTree = "<group>";
			versionGroupType = wrapper.xcdatamodel;
		};
/* End XCVersionGroup section */
	};
	rootObject = 440B65F427374A1100A04359 /* Project object */;
}
