// !$*UTF8*$!
{
	archiveVersion = 1;
	classes = {
	};
	objectVersion = 55;
	objects = {

/* Begin PBXBuildFile section */
		445A57D127E00CF600353CEC /* FeedLoadCacheDecoratorTests.swift in Sources */ = {isa = PBXBuildFile; fileRef = 445A57D027E00CF600353CEC /* FeedLoadCacheDecoratorTests.swift */; };
		445A57D327E017CD00353CEC /* FeedLoaderStub.swift in Sources */ = {isa = PBXBuildFile; fileRef = 445A57D227E017CD00353CEC /* FeedLoaderStub.swift */; };
		445A57D527E01A7100353CEC /* XCTestCase+FeedLoader.swift in Sources */ = {isa = PBXBuildFile; fileRef = 445A57D427E01A7100353CEC /* XCTestCase+FeedLoader.swift */; };
		445A57D927E024F300353CEC /* FeedLoadCacheDecorator.swift in Sources */ = {isa = PBXBuildFile; fileRef = 445A57D827E024F300353CEC /* FeedLoadCacheDecorator.swift */; };
		445A57DB27E0269200353CEC /* FeedImageDataLoaderCacheDecoratorTests.swift in Sources */ = {isa = PBXBuildFile; fileRef = 445A57DA27E0269200353CEC /* FeedImageDataLoaderCacheDecoratorTests.swift */; };
		445A57DD27E0279B00353CEC /* FeedImageDataLoaderSpy.swift in Sources */ = {isa = PBXBuildFile; fileRef = 445A57DC27E0279B00353CEC /* FeedImageDataLoaderSpy.swift */; };
		445A57DF27E0289300353CEC /* XCTestCase+FeedImageDataLoader.swift in Sources */ = {isa = PBXBuildFile; fileRef = 445A57DE27E0289300353CEC /* XCTestCase+FeedImageDataLoader.swift */; };
		445A57E427E02D8900353CEC /* FeedImageDataLoaderCacheDecorator.swift in Sources */ = {isa = PBXBuildFile; fileRef = 445A57E227E02B4900353CEC /* FeedImageDataLoaderCacheDecorator.swift */; };
		44A2A63027E29C7600AF96E7 /* SceneDelegateTests.swift in Sources */ = {isa = PBXBuildFile; fileRef = 44A2A62F27E29C7600AF96E7 /* SceneDelegateTests.swift */; };
		44A2A64327E29F3600AF96E7 /* FeedLoaderPresentationAdapter.swift in Sources */ = {isa = PBXBuildFile; fileRef = 44A2A64227E29F3600AF96E7 /* FeedLoaderPresentationAdapter.swift */; };
		44A2A64427E29F3600AF96E7 /* FeedViewAdapter.swift in Sources */ = {isa = PBXBuildFile; fileRef = 44A2A64027E29F3500AF96E7 /* FeedViewAdapter.swift */; };
		44A2A64527E29F3600AF96E7 /* WeakRefVirtualProxy.swift in Sources */ = {isa = PBXBuildFile; fileRef = 44A2A63E27E29F3500AF96E7 /* WeakRefVirtualProxy.swift */; };
		44A2A64627E29F3600AF96E7 /* MainQueueDispatchDecorator.swift in Sources */ = {isa = PBXBuildFile; fileRef = 44A2A64127E29F3600AF96E7 /* MainQueueDispatchDecorator.swift */; };
		44A2A64727E29F3600AF96E7 /* FeedImageDataLoaderPresentationAdapter.swift in Sources */ = {isa = PBXBuildFile; fileRef = 44A2A63D27E29F3500AF96E7 /* FeedImageDataLoaderPresentationAdapter.swift */; };
		44A2A64827E29F3600AF96E7 /* FeedUIComposer.swift in Sources */ = {isa = PBXBuildFile; fileRef = 44A2A63F27E29F3500AF96E7 /* FeedUIComposer.swift */; };
		44A2A65227E29F6600AF96E7 /* FeedViewControllerTests+LoaderSpy.swift in Sources */ = {isa = PBXBuildFile; fileRef = 44A2A64C27E29F6500AF96E7 /* FeedViewControllerTests+LoaderSpy.swift */; };
		44A2A65327E29F6600AF96E7 /* UIButton+TestHelpers.swift in Sources */ = {isa = PBXBuildFile; fileRef = 44A2A65027E29F6500AF96E7 /* UIButton+TestHelpers.swift */; };
		44A2A65427E29F6600AF96E7 /* UIImage+TestHelpers.swift in Sources */ = {isa = PBXBuildFile; fileRef = 44A2A64F27E29F6500AF96E7 /* UIImage+TestHelpers.swift */; };
		44A2A65527E29F6600AF96E7 /* UIControl+TestHelpers.swift in Sources */ = {isa = PBXBuildFile; fileRef = 44A2A64D27E29F6500AF96E7 /* UIControl+TestHelpers.swift */; };
		44A2A65627E29F6600AF96E7 /* FeedViewControllerTests+Localization.swift in Sources */ = {isa = PBXBuildFile; fileRef = 44A2A65127E29F6600AF96E7 /* FeedViewControllerTests+Localization.swift */; };
		44A2A65727E29F6600AF96E7 /* FeedImageCell+TestHelpers.swift in Sources */ = {isa = PBXBuildFile; fileRef = 44A2A64A27E29F6500AF96E7 /* FeedImageCell+TestHelpers.swift */; };
		44A2A65827E29F6600AF96E7 /* UIRefreshControl+TestHelpers.swift in Sources */ = {isa = PBXBuildFile; fileRef = 44A2A64B27E29F6500AF96E7 /* UIRefreshControl+TestHelpers.swift */; };
		44A2A65927E29F6600AF96E7 /* FeedViewController+TestHelpers.swift in Sources */ = {isa = PBXBuildFile; fileRef = 44A2A64E27E29F6500AF96E7 /* FeedViewController+TestHelpers.swift */; };
		44A2A65A27E29F6600AF96E7 /* FeedViewControllerTests+Assertions.swift in Sources */ = {isa = PBXBuildFile; fileRef = 44A2A64927E29F6500AF96E7 /* FeedViewControllerTests+Assertions.swift */; };
		44A2A65C27E29F8900AF96E7 /* FeedUIIntegrationTests.swift in Sources */ = {isa = PBXBuildFile; fileRef = 44A2A65B27E29F8900AF96E7 /* FeedUIIntegrationTests.swift */; };
		44A2A65E27E2A26A00AF96E7 /* FeedAcceptanceTests.swift in Sources */ = {isa = PBXBuildFile; fileRef = 44A2A65D27E2A26A00AF96E7 /* FeedAcceptanceTests.swift */; };
		44A2A66027E2A7E900AF96E7 /* HTTPClientStub.swift in Sources */ = {isa = PBXBuildFile; fileRef = 44A2A65F27E2A7E900AF96E7 /* HTTPClientStub.swift */; };
		44A2A66227E2A82700AF96E7 /* InMemoryFeedStore.swift in Sources */ = {isa = PBXBuildFile; fileRef = 44A2A66127E2A82700AF96E7 /* InMemoryFeedStore.swift */; };
		44F0325C27D8287E007BB761 /* EssentialFeed.framework in Frameworks */ = {isa = PBXBuildFile; fileRef = 44F0325A27D8287E007BB761 /* EssentialFeed.framework */; };
		44F0325D27D8287E007BB761 /* EssentialFeed.framework in Embed Frameworks */ = {isa = PBXBuildFile; fileRef = 44F0325A27D8287E007BB761 /* EssentialFeed.framework */; settings = {ATTRIBUTES = (CodeSignOnCopy, RemoveHeadersOnCopy, ); }; };
		44F0325E27D8287E007BB761 /* EssentialFeediOS.framework in Frameworks */ = {isa = PBXBuildFile; fileRef = 44F0325B27D8287E007BB761 /* EssentialFeediOS.framework */; };
		44F0325F27D8287E007BB761 /* EssentialFeediOS.framework in Embed Frameworks */ = {isa = PBXBuildFile; fileRef = 44F0325B27D8287E007BB761 /* EssentialFeediOS.framework */; settings = {ATTRIBUTES = (CodeSignOnCopy, RemoveHeadersOnCopy, ); }; };
		44F0326227D82AD2007BB761 /* FeedLoaderWithFallbackCompositeTests.swift in Sources */ = {isa = PBXBuildFile; fileRef = 44F0326127D82AD2007BB761 /* FeedLoaderWithFallbackCompositeTests.swift */; };
		44F0326427D83907007BB761 /* FeedLoaderWithFallbackComposite.swift in Sources */ = {isa = PBXBuildFile; fileRef = 44F0326327D83907007BB761 /* FeedLoaderWithFallbackComposite.swift */; };
		44F0326627D83963007BB761 /* FeedImageDataLoaderWithFallbackCompositeTests.swift in Sources */ = {isa = PBXBuildFile; fileRef = 44F0326527D83963007BB761 /* FeedImageDataLoaderWithFallbackCompositeTests.swift */; };
		44F0326827D83D24007BB761 /* FeedImageDataLoaderWithFallbackComposite.swift in Sources */ = {isa = PBXBuildFile; fileRef = 44F0326727D83D24007BB761 /* FeedImageDataLoaderWithFallbackComposite.swift */; };
		44F0326B27D83DB9007BB761 /* XCTestCase+MemoryLeakTracking.swift in Sources */ = {isa = PBXBuildFile; fileRef = 44F0326A27D83DB9007BB761 /* XCTestCase+MemoryLeakTracking.swift */; };
		44F0326D27D84510007BB761 /* SharedTestHelpers.swift in Sources */ = {isa = PBXBuildFile; fileRef = 44F0326C27D84510007BB761 /* SharedTestHelpers.swift */; };
		44FC5F7A27D811BF00DA0632 /* AppDelegate.swift in Sources */ = {isa = PBXBuildFile; fileRef = 44FC5F7927D811BF00DA0632 /* AppDelegate.swift */; };
		44FC5F7C27D811BF00DA0632 /* SceneDelegate.swift in Sources */ = {isa = PBXBuildFile; fileRef = 44FC5F7B27D811BF00DA0632 /* SceneDelegate.swift */; };
		44FC5F7E27D811C000DA0632 /* ViewController.swift in Sources */ = {isa = PBXBuildFile; fileRef = 44FC5F7D27D811C000DA0632 /* ViewController.swift */; };
		44FC5F8127D811C000DA0632 /* Main.storyboard in Resources */ = {isa = PBXBuildFile; fileRef = 44FC5F7F27D811C000DA0632 /* Main.storyboard */; };
		44FC5F8327D811C100DA0632 /* Assets.xcassets in Resources */ = {isa = PBXBuildFile; fileRef = 44FC5F8227D811C100DA0632 /* Assets.xcassets */; };
		44FC5F8627D811C200DA0632 /* LaunchScreen.storyboard in Resources */ = {isa = PBXBuildFile; fileRef = 44FC5F8427D811C200DA0632 /* LaunchScreen.storyboard */; };
/* End PBXBuildFile section */

/* Begin PBXContainerItemProxy section */
		44FC5F8D27D811C200DA0632 /* PBXContainerItemProxy */ = {
			isa = PBXContainerItemProxy;
			containerPortal = 44FC5F6E27D811BF00DA0632 /* Project object */;
			proxyType = 1;
			remoteGlobalIDString = 44FC5F7527D811BF00DA0632;
			remoteInfo = EssentialApp;
		};
/* End PBXContainerItemProxy section */

/* Begin PBXCopyFilesBuildPhase section */
		44F0326027D8287E007BB761 /* Embed Frameworks */ = {
			isa = PBXCopyFilesBuildPhase;
			buildActionMask = 2147483647;
			dstPath = "";
			dstSubfolderSpec = 10;
			files = (
				44F0325D27D8287E007BB761 /* EssentialFeed.framework in Embed Frameworks */,
				44F0325F27D8287E007BB761 /* EssentialFeediOS.framework in Embed Frameworks */,
			);
			name = "Embed Frameworks";
			runOnlyForDeploymentPostprocessing = 0;
		};
/* End PBXCopyFilesBuildPhase section */

/* Begin PBXFileReference section */
		445A57D027E00CF600353CEC /* FeedLoadCacheDecoratorTests.swift */ = {isa = PBXFileReference; lastKnownFileType = sourcecode.swift; path = FeedLoadCacheDecoratorTests.swift; sourceTree = "<group>"; };
		445A57D227E017CD00353CEC /* FeedLoaderStub.swift */ = {isa = PBXFileReference; lastKnownFileType = sourcecode.swift; path = FeedLoaderStub.swift; sourceTree = "<group>"; };
		445A57D427E01A7100353CEC /* XCTestCase+FeedLoader.swift */ = {isa = PBXFileReference; lastKnownFileType = sourcecode.swift; path = "XCTestCase+FeedLoader.swift"; sourceTree = "<group>"; };
		445A57D827E024F300353CEC /* FeedLoadCacheDecorator.swift */ = {isa = PBXFileReference; lastKnownFileType = sourcecode.swift; path = FeedLoadCacheDecorator.swift; sourceTree = "<group>"; };
		445A57DA27E0269200353CEC /* FeedImageDataLoaderCacheDecoratorTests.swift */ = {isa = PBXFileReference; lastKnownFileType = sourcecode.swift; path = FeedImageDataLoaderCacheDecoratorTests.swift; sourceTree = "<group>"; };
		445A57DC27E0279B00353CEC /* FeedImageDataLoaderSpy.swift */ = {isa = PBXFileReference; lastKnownFileType = sourcecode.swift; path = FeedImageDataLoaderSpy.swift; sourceTree = "<group>"; };
		445A57DE27E0289300353CEC /* XCTestCase+FeedImageDataLoader.swift */ = {isa = PBXFileReference; lastKnownFileType = sourcecode.swift; path = "XCTestCase+FeedImageDataLoader.swift"; sourceTree = "<group>"; };
		445A57E227E02B4900353CEC /* FeedImageDataLoaderCacheDecorator.swift */ = {isa = PBXFileReference; lastKnownFileType = sourcecode.swift; path = FeedImageDataLoaderCacheDecorator.swift; sourceTree = "<group>"; };
		44A2A62F27E29C7600AF96E7 /* SceneDelegateTests.swift */ = {isa = PBXFileReference; lastKnownFileType = sourcecode.swift; path = SceneDelegateTests.swift; sourceTree = "<group>"; };
		44A2A63D27E29F3500AF96E7 /* FeedImageDataLoaderPresentationAdapter.swift */ = {isa = PBXFileReference; lastKnownFileType = sourcecode.swift; path = FeedImageDataLoaderPresentationAdapter.swift; sourceTree = "<group>"; };
		44A2A63E27E29F3500AF96E7 /* WeakRefVirtualProxy.swift */ = {isa = PBXFileReference; lastKnownFileType = sourcecode.swift; path = WeakRefVirtualProxy.swift; sourceTree = "<group>"; };
		44A2A63F27E29F3500AF96E7 /* FeedUIComposer.swift */ = {isa = PBXFileReference; lastKnownFileType = sourcecode.swift; path = FeedUIComposer.swift; sourceTree = "<group>"; };
		44A2A64027E29F3500AF96E7 /* FeedViewAdapter.swift */ = {isa = PBXFileReference; lastKnownFileType = sourcecode.swift; path = FeedViewAdapter.swift; sourceTree = "<group>"; };
		44A2A64127E29F3600AF96E7 /* MainQueueDispatchDecorator.swift */ = {isa = PBXFileReference; lastKnownFileType = sourcecode.swift; path = MainQueueDispatchDecorator.swift; sourceTree = "<group>"; };
		44A2A64227E29F3600AF96E7 /* FeedLoaderPresentationAdapter.swift */ = {isa = PBXFileReference; lastKnownFileType = sourcecode.swift; path = FeedLoaderPresentationAdapter.swift; sourceTree = "<group>"; };
		44A2A64927E29F6500AF96E7 /* FeedViewControllerTests+Assertions.swift */ = {isa = PBXFileReference; lastKnownFileType = sourcecode.swift; path = "FeedViewControllerTests+Assertions.swift"; sourceTree = "<group>"; };
		44A2A64A27E29F6500AF96E7 /* FeedImageCell+TestHelpers.swift */ = {isa = PBXFileReference; lastKnownFileType = sourcecode.swift; path = "FeedImageCell+TestHelpers.swift"; sourceTree = "<group>"; };
		44A2A64B27E29F6500AF96E7 /* UIRefreshControl+TestHelpers.swift */ = {isa = PBXFileReference; lastKnownFileType = sourcecode.swift; path = "UIRefreshControl+TestHelpers.swift"; sourceTree = "<group>"; };
		44A2A64C27E29F6500AF96E7 /* FeedViewControllerTests+LoaderSpy.swift */ = {isa = PBXFileReference; lastKnownFileType = sourcecode.swift; path = "FeedViewControllerTests+LoaderSpy.swift"; sourceTree = "<group>"; };
		44A2A64D27E29F6500AF96E7 /* UIControl+TestHelpers.swift */ = {isa = PBXFileReference; lastKnownFileType = sourcecode.swift; path = "UIControl+TestHelpers.swift"; sourceTree = "<group>"; };
		44A2A64E27E29F6500AF96E7 /* FeedViewController+TestHelpers.swift */ = {isa = PBXFileReference; lastKnownFileType = sourcecode.swift; path = "FeedViewController+TestHelpers.swift"; sourceTree = "<group>"; };
		44A2A64F27E29F6500AF96E7 /* UIImage+TestHelpers.swift */ = {isa = PBXFileReference; lastKnownFileType = sourcecode.swift; path = "UIImage+TestHelpers.swift"; sourceTree = "<group>"; };
		44A2A65027E29F6500AF96E7 /* UIButton+TestHelpers.swift */ = {isa = PBXFileReference; lastKnownFileType = sourcecode.swift; path = "UIButton+TestHelpers.swift"; sourceTree = "<group>"; };
		44A2A65127E29F6600AF96E7 /* FeedViewControllerTests+Localization.swift */ = {isa = PBXFileReference; lastKnownFileType = sourcecode.swift; path = "FeedViewControllerTests+Localization.swift"; sourceTree = "<group>"; };
		44A2A65B27E29F8900AF96E7 /* FeedUIIntegrationTests.swift */ = {isa = PBXFileReference; lastKnownFileType = sourcecode.swift; path = FeedUIIntegrationTests.swift; sourceTree = "<group>"; };
		44A2A65D27E2A26A00AF96E7 /* FeedAcceptanceTests.swift */ = {isa = PBXFileReference; lastKnownFileType = sourcecode.swift; path = FeedAcceptanceTests.swift; sourceTree = "<group>"; };
		44A2A65F27E2A7E900AF96E7 /* HTTPClientStub.swift */ = {isa = PBXFileReference; lastKnownFileType = sourcecode.swift; path = HTTPClientStub.swift; sourceTree = "<group>"; };
		44A2A66127E2A82700AF96E7 /* InMemoryFeedStore.swift */ = {isa = PBXFileReference; lastKnownFileType = sourcecode.swift; path = InMemoryFeedStore.swift; sourceTree = "<group>"; };
		44F0325A27D8287E007BB761 /* EssentialFeed.framework */ = {isa = PBXFileReference; explicitFileType = wrapper.framework; path = EssentialFeed.framework; sourceTree = BUILT_PRODUCTS_DIR; };
		44F0325B27D8287E007BB761 /* EssentialFeediOS.framework */ = {isa = PBXFileReference; explicitFileType = wrapper.framework; path = EssentialFeediOS.framework; sourceTree = BUILT_PRODUCTS_DIR; };
		44F0326127D82AD2007BB761 /* FeedLoaderWithFallbackCompositeTests.swift */ = {isa = PBXFileReference; lastKnownFileType = sourcecode.swift; path = FeedLoaderWithFallbackCompositeTests.swift; sourceTree = "<group>"; };
		44F0326327D83907007BB761 /* FeedLoaderWithFallbackComposite.swift */ = {isa = PBXFileReference; lastKnownFileType = sourcecode.swift; path = FeedLoaderWithFallbackComposite.swift; sourceTree = "<group>"; };
		44F0326527D83963007BB761 /* FeedImageDataLoaderWithFallbackCompositeTests.swift */ = {isa = PBXFileReference; lastKnownFileType = sourcecode.swift; path = FeedImageDataLoaderWithFallbackCompositeTests.swift; sourceTree = "<group>"; };
		44F0326727D83D24007BB761 /* FeedImageDataLoaderWithFallbackComposite.swift */ = {isa = PBXFileReference; lastKnownFileType = sourcecode.swift; path = FeedImageDataLoaderWithFallbackComposite.swift; sourceTree = "<group>"; };
		44F0326A27D83DB9007BB761 /* XCTestCase+MemoryLeakTracking.swift */ = {isa = PBXFileReference; lastKnownFileType = sourcecode.swift; path = "XCTestCase+MemoryLeakTracking.swift"; sourceTree = "<group>"; };
		44F0326C27D84510007BB761 /* SharedTestHelpers.swift */ = {isa = PBXFileReference; lastKnownFileType = sourcecode.swift; path = SharedTestHelpers.swift; sourceTree = "<group>"; };
		44FC5F7627D811BF00DA0632 /* EssentialApp.app */ = {isa = PBXFileReference; explicitFileType = wrapper.application; includeInIndex = 0; path = EssentialApp.app; sourceTree = BUILT_PRODUCTS_DIR; };
		44FC5F7927D811BF00DA0632 /* AppDelegate.swift */ = {isa = PBXFileReference; lastKnownFileType = sourcecode.swift; path = AppDelegate.swift; sourceTree = "<group>"; };
		44FC5F7B27D811BF00DA0632 /* SceneDelegate.swift */ = {isa = PBXFileReference; lastKnownFileType = sourcecode.swift; path = SceneDelegate.swift; sourceTree = "<group>"; };
		44FC5F7D27D811C000DA0632 /* ViewController.swift */ = {isa = PBXFileReference; lastKnownFileType = sourcecode.swift; path = ViewController.swift; sourceTree = "<group>"; };
		44FC5F8027D811C000DA0632 /* Base */ = {isa = PBXFileReference; lastKnownFileType = file.storyboard; name = Base; path = Base.lproj/Main.storyboard; sourceTree = "<group>"; };
		44FC5F8227D811C100DA0632 /* Assets.xcassets */ = {isa = PBXFileReference; lastKnownFileType = folder.assetcatalog; path = Assets.xcassets; sourceTree = "<group>"; };
		44FC5F8527D811C200DA0632 /* Base */ = {isa = PBXFileReference; lastKnownFileType = file.storyboard; name = Base; path = Base.lproj/LaunchScreen.storyboard; sourceTree = "<group>"; };
		44FC5F8727D811C200DA0632 /* Info.plist */ = {isa = PBXFileReference; lastKnownFileType = text.plist.xml; path = Info.plist; sourceTree = "<group>"; };
		44FC5F8C27D811C200DA0632 /* EssentialAppTests.xctest */ = {isa = PBXFileReference; explicitFileType = wrapper.cfbundle; includeInIndex = 0; path = EssentialAppTests.xctest; sourceTree = BUILT_PRODUCTS_DIR; };
/* End PBXFileReference section */

/* Begin PBXFrameworksBuildPhase section */
		44FC5F7327D811BF00DA0632 /* Frameworks */ = {
			isa = PBXFrameworksBuildPhase;
			buildActionMask = 2147483647;
			files = (
				44F0325C27D8287E007BB761 /* EssentialFeed.framework in Frameworks */,
				44F0325E27D8287E007BB761 /* EssentialFeediOS.framework in Frameworks */,
			);
			runOnlyForDeploymentPostprocessing = 0;
		};
		44FC5F8927D811C200DA0632 /* Frameworks */ = {
			isa = PBXFrameworksBuildPhase;
			buildActionMask = 2147483647;
			files = (
			);
			runOnlyForDeploymentPostprocessing = 0;
		};
/* End PBXFrameworksBuildPhase section */

/* Begin PBXGroup section */
		44F0325927D8287E007BB761 /* Frameworks */ = {
			isa = PBXGroup;
			children = (
				44F0325A27D8287E007BB761 /* EssentialFeed.framework */,
				44F0325B27D8287E007BB761 /* EssentialFeediOS.framework */,
			);
			name = Frameworks;
			sourceTree = "<group>";
		};
		44F0326927D83D8C007BB761 /* Helpers */ = {
			isa = PBXGroup;
			children = (
				44F0326A27D83DB9007BB761 /* XCTestCase+MemoryLeakTracking.swift */,
				44A2A64D27E29F6500AF96E7 /* UIControl+TestHelpers.swift */,
				44A2A64F27E29F6500AF96E7 /* UIImage+TestHelpers.swift */,
				44A2A64B27E29F6500AF96E7 /* UIRefreshControl+TestHelpers.swift */,
				44A2A66127E2A82700AF96E7 /* InMemoryFeedStore.swift */,
				44A2A64A27E29F6500AF96E7 /* FeedImageCell+TestHelpers.swift */,
				44A2A64E27E29F6500AF96E7 /* FeedViewController+TestHelpers.swift */,
				44A2A64927E29F6500AF96E7 /* FeedViewControllerTests+Assertions.swift */,
				44A2A64C27E29F6500AF96E7 /* FeedViewControllerTests+LoaderSpy.swift */,
				44A2A65027E29F6500AF96E7 /* UIButton+TestHelpers.swift */,
				44A2A65127E29F6600AF96E7 /* FeedViewControllerTests+Localization.swift */,
				44F0326C27D84510007BB761 /* SharedTestHelpers.swift */,
				445A57D227E017CD00353CEC /* FeedLoaderStub.swift */,
				445A57D427E01A7100353CEC /* XCTestCase+FeedLoader.swift */,
				445A57DC27E0279B00353CEC /* FeedImageDataLoaderSpy.swift */,
				445A57DE27E0289300353CEC /* XCTestCase+FeedImageDataLoader.swift */,
				44A2A65F27E2A7E900AF96E7 /* HTTPClientStub.swift */,
			);
			path = Helpers;
			sourceTree = "<group>";
		};
		44FC5F6D27D811BF00DA0632 = {
			isa = PBXGroup;
			children = (
				44FC5F7827D811BF00DA0632 /* EssentialApp */,
				44FC5F8F27D811C200DA0632 /* EssentialAppTests */,
				44FC5F7727D811BF00DA0632 /* Products */,
				44F0325927D8287E007BB761 /* Frameworks */,
			);
			sourceTree = "<group>";
		};
		44FC5F7727D811BF00DA0632 /* Products */ = {
			isa = PBXGroup;
			children = (
				44FC5F7627D811BF00DA0632 /* EssentialApp.app */,
				44FC5F8C27D811C200DA0632 /* EssentialAppTests.xctest */,
			);
			name = Products;
			sourceTree = "<group>";
		};
		44FC5F7827D811BF00DA0632 /* EssentialApp */ = {
			isa = PBXGroup;
			children = (
				445A57E227E02B4900353CEC /* FeedImageDataLoaderCacheDecorator.swift */,
				44FC5F7927D811BF00DA0632 /* AppDelegate.swift */,
				44FC5F7B27D811BF00DA0632 /* SceneDelegate.swift */,
				44A2A63F27E29F3500AF96E7 /* FeedUIComposer.swift */,
				44A2A64027E29F3500AF96E7 /* FeedViewAdapter.swift */,
				44A2A64127E29F3600AF96E7 /* MainQueueDispatchDecorator.swift */,
				44A2A63E27E29F3500AF96E7 /* WeakRefVirtualProxy.swift */,
				44A2A63D27E29F3500AF96E7 /* FeedImageDataLoaderPresentationAdapter.swift */,
				44A2A64227E29F3600AF96E7 /* FeedLoaderPresentationAdapter.swift */,
				44FC5F7D27D811C000DA0632 /* ViewController.swift */,
				44FC5F7F27D811C000DA0632 /* Main.storyboard */,
				44FC5F8227D811C100DA0632 /* Assets.xcassets */,
				44FC5F8427D811C200DA0632 /* LaunchScreen.storyboard */,
				44FC5F8727D811C200DA0632 /* Info.plist */,
				44F0326327D83907007BB761 /* FeedLoaderWithFallbackComposite.swift */,
				44F0326727D83D24007BB761 /* FeedImageDataLoaderWithFallbackComposite.swift */,
				445A57D827E024F300353CEC /* FeedLoadCacheDecorator.swift */,
			);
			path = EssentialApp;
			sourceTree = "<group>";
		};
		44FC5F8F27D811C200DA0632 /* EssentialAppTests */ = {
			isa = PBXGroup;
			children = (
				44F0326927D83D8C007BB761 /* Helpers */,
				44F0326127D82AD2007BB761 /* FeedLoaderWithFallbackCompositeTests.swift */,
				44F0326527D83963007BB761 /* FeedImageDataLoaderWithFallbackCompositeTests.swift */,
				44A2A65B27E29F8900AF96E7 /* FeedUIIntegrationTests.swift */,
				445A57D027E00CF600353CEC /* FeedLoadCacheDecoratorTests.swift */,
				445A57DA27E0269200353CEC /* FeedImageDataLoaderCacheDecoratorTests.swift */,
				44A2A62F27E29C7600AF96E7 /* SceneDelegateTests.swift */,
				44A2A65D27E2A26A00AF96E7 /* FeedAcceptanceTests.swift */,
			);
			path = EssentialAppTests;
			sourceTree = "<group>";
		};
/* End PBXGroup section */

/* Begin PBXNativeTarget section */
		44FC5F7527D811BF00DA0632 /* EssentialApp */ = {
			isa = PBXNativeTarget;
			buildConfigurationList = 44FC5FA027D811C200DA0632 /* Build configuration list for PBXNativeTarget "EssentialApp" */;
			buildPhases = (
				44FC5F7227D811BF00DA0632 /* Sources */,
				44FC5F7327D811BF00DA0632 /* Frameworks */,
				44FC5F7427D811BF00DA0632 /* Resources */,
				44F0326027D8287E007BB761 /* Embed Frameworks */,
			);
			buildRules = (
			);
			dependencies = (
			);
			name = EssentialApp;
			productName = EssentialApp;
			productReference = 44FC5F7627D811BF00DA0632 /* EssentialApp.app */;
			productType = "com.apple.product-type.application";
		};
		44FC5F8B27D811C200DA0632 /* EssentialAppTests */ = {
			isa = PBXNativeTarget;
			buildConfigurationList = 44FC5FA327D811C200DA0632 /* Build configuration list for PBXNativeTarget "EssentialAppTests" */;
			buildPhases = (
				44FC5F8827D811C200DA0632 /* Sources */,
				44FC5F8927D811C200DA0632 /* Frameworks */,
				44FC5F8A27D811C200DA0632 /* Resources */,
			);
			buildRules = (
			);
			dependencies = (
				44FC5F8E27D811C200DA0632 /* PBXTargetDependency */,
			);
			name = EssentialAppTests;
			productName = EssentialAppTests;
			productReference = 44FC5F8C27D811C200DA0632 /* EssentialAppTests.xctest */;
			productType = "com.apple.product-type.bundle.unit-test";
		};
/* End PBXNativeTarget section */

/* Begin PBXProject section */
		44FC5F6E27D811BF00DA0632 /* Project object */ = {
			isa = PBXProject;
			attributes = {
				BuildIndependentTargetsInParallel = 1;
				LastSwiftUpdateCheck = 1320;
				LastUpgradeCheck = 1320;
				TargetAttributes = {
					44FC5F7527D811BF00DA0632 = {
						CreatedOnToolsVersion = 13.2.1;
					};
					44FC5F8B27D811C200DA0632 = {
						CreatedOnToolsVersion = 13.2.1;
						TestTargetID = 44FC5F7527D811BF00DA0632;
					};
				};
			};
			buildConfigurationList = 44FC5F7127D811BF00DA0632 /* Build configuration list for PBXProject "EssentialApp" */;
			compatibilityVersion = "Xcode 13.0";
			developmentRegion = en;
			hasScannedForEncodings = 0;
			knownRegions = (
				en,
				Base,
			);
			mainGroup = 44FC5F6D27D811BF00DA0632;
			productRefGroup = 44FC5F7727D811BF00DA0632 /* Products */;
			projectDirPath = "";
			projectRoot = "";
			targets = (
				44FC5F7527D811BF00DA0632 /* EssentialApp */,
				44FC5F8B27D811C200DA0632 /* EssentialAppTests */,
			);
		};
/* End PBXProject section */

/* Begin PBXResourcesBuildPhase section */
		44FC5F7427D811BF00DA0632 /* Resources */ = {
			isa = PBXResourcesBuildPhase;
			buildActionMask = 2147483647;
			files = (
				44FC5F8627D811C200DA0632 /* LaunchScreen.storyboard in Resources */,
				44FC5F8327D811C100DA0632 /* Assets.xcassets in Resources */,
				44FC5F8127D811C000DA0632 /* Main.storyboard in Resources */,
			);
			runOnlyForDeploymentPostprocessing = 0;
		};
		44FC5F8A27D811C200DA0632 /* Resources */ = {
			isa = PBXResourcesBuildPhase;
			buildActionMask = 2147483647;
			files = (
			);
			runOnlyForDeploymentPostprocessing = 0;
		};
/* End PBXResourcesBuildPhase section */

/* Begin PBXSourcesBuildPhase section */
		44FC5F7227D811BF00DA0632 /* Sources */ = {
			isa = PBXSourcesBuildPhase;
			buildActionMask = 2147483647;
			files = (
				44A2A64527E29F3600AF96E7 /* WeakRefVirtualProxy.swift in Sources */,
				44A2A64727E29F3600AF96E7 /* FeedImageDataLoaderPresentationAdapter.swift in Sources */,
				44FC5F7E27D811C000DA0632 /* ViewController.swift in Sources */,
				44FC5F7A27D811BF00DA0632 /* AppDelegate.swift in Sources */,
				44F0326427D83907007BB761 /* FeedLoaderWithFallbackComposite.swift in Sources */,
				44A2A64627E29F3600AF96E7 /* MainQueueDispatchDecorator.swift in Sources */,
				44A2A64327E29F3600AF96E7 /* FeedLoaderPresentationAdapter.swift in Sources */,
				44A2A64427E29F3600AF96E7 /* FeedViewAdapter.swift in Sources */,
				44FC5F7C27D811BF00DA0632 /* SceneDelegate.swift in Sources */,
				445A57D927E024F300353CEC /* FeedLoadCacheDecorator.swift in Sources */,
				44F0326827D83D24007BB761 /* FeedImageDataLoaderWithFallbackComposite.swift in Sources */,
				445A57E427E02D8900353CEC /* FeedImageDataLoaderCacheDecorator.swift in Sources */,
				44A2A64827E29F3600AF96E7 /* FeedUIComposer.swift in Sources */,
			);
			runOnlyForDeploymentPostprocessing = 0;
		};
		44FC5F8827D811C200DA0632 /* Sources */ = {
			isa = PBXSourcesBuildPhase;
			buildActionMask = 2147483647;
			files = (
				44F0326D27D84510007BB761 /* SharedTestHelpers.swift in Sources */,
				445A57DB27E0269200353CEC /* FeedImageDataLoaderCacheDecoratorTests.swift in Sources */,
				445A57D527E01A7100353CEC /* XCTestCase+FeedLoader.swift in Sources */,
				44A2A65527E29F6600AF96E7 /* UIControl+TestHelpers.swift in Sources */,
				44A2A65427E29F6600AF96E7 /* UIImage+TestHelpers.swift in Sources */,
				44F0326627D83963007BB761 /* FeedImageDataLoaderWithFallbackCompositeTests.swift in Sources */,
				44A2A63027E29C7600AF96E7 /* SceneDelegateTests.swift in Sources */,
				445A57DF27E0289300353CEC /* XCTestCase+FeedImageDataLoader.swift in Sources */,
				44F0326B27D83DB9007BB761 /* XCTestCase+MemoryLeakTracking.swift in Sources */,
				445A57D127E00CF600353CEC /* FeedLoadCacheDecoratorTests.swift in Sources */,
				445A57D327E017CD00353CEC /* FeedLoaderStub.swift in Sources */,
				44A2A66227E2A82700AF96E7 /* InMemoryFeedStore.swift in Sources */,
				44A2A65A27E29F6600AF96E7 /* FeedViewControllerTests+Assertions.swift in Sources */,
				445A57DD27E0279B00353CEC /* FeedImageDataLoaderSpy.swift in Sources */,
				44A2A65227E29F6600AF96E7 /* FeedViewControllerTests+LoaderSpy.swift in Sources */,
				44A2A65827E29F6600AF96E7 /* UIRefreshControl+TestHelpers.swift in Sources */,
				44A2A66027E2A7E900AF96E7 /* HTTPClientStub.swift in Sources */,
				44A2A65727E29F6600AF96E7 /* FeedImageCell+TestHelpers.swift in Sources */,
				44A2A65927E29F6600AF96E7 /* FeedViewController+TestHelpers.swift in Sources */,
				44F0326227D82AD2007BB761 /* FeedLoaderWithFallbackCompositeTests.swift in Sources */,
				44A2A65E27E2A26A00AF96E7 /* FeedAcceptanceTests.swift in Sources */,
				44A2A65327E29F6600AF96E7 /* UIButton+TestHelpers.swift in Sources */,
				44A2A65C27E29F8900AF96E7 /* FeedUIIntegrationTests.swift in Sources */,
				44A2A65627E29F6600AF96E7 /* FeedViewControllerTests+Localization.swift in Sources */,
			);
			runOnlyForDeploymentPostprocessing = 0;
		};
/* End PBXSourcesBuildPhase section */

/* Begin PBXTargetDependency section */
		44FC5F8E27D811C200DA0632 /* PBXTargetDependency */ = {
			isa = PBXTargetDependency;
			target = 44FC5F7527D811BF00DA0632 /* EssentialApp */;
			targetProxy = 44FC5F8D27D811C200DA0632 /* PBXContainerItemProxy */;
		};
/* End PBXTargetDependency section */

/* Begin PBXVariantGroup section */
		44FC5F7F27D811C000DA0632 /* Main.storyboard */ = {
			isa = PBXVariantGroup;
			children = (
				44FC5F8027D811C000DA0632 /* Base */,
			);
			name = Main.storyboard;
			sourceTree = "<group>";
		};
		44FC5F8427D811C200DA0632 /* LaunchScreen.storyboard */ = {
			isa = PBXVariantGroup;
			children = (
				44FC5F8527D811C200DA0632 /* Base */,
			);
			name = LaunchScreen.storyboard;
			sourceTree = "<group>";
		};
/* End PBXVariantGroup section */

/* Begin XCBuildConfiguration section */
		44FC5F9E27D811C200DA0632 /* Debug */ = {
			isa = XCBuildConfiguration;
			buildSettings = {
				ALWAYS_SEARCH_USER_PATHS = NO;
				CLANG_ANALYZER_NONNULL = YES;
				CLANG_ANALYZER_NUMBER_OBJECT_CONVERSION = YES_AGGRESSIVE;
				CLANG_CXX_LANGUAGE_STANDARD = "gnu++17";
				CLANG_CXX_LIBRARY = "libc++";
				CLANG_ENABLE_MODULES = YES;
				CLANG_ENABLE_OBJC_ARC = YES;
				CLANG_ENABLE_OBJC_WEAK = YES;
				CLANG_WARN_BLOCK_CAPTURE_AUTORELEASING = YES;
				CLANG_WARN_BOOL_CONVERSION = YES;
				CLANG_WARN_COMMA = YES;
				CLANG_WARN_CONSTANT_CONVERSION = YES;
				CLANG_WARN_DEPRECATED_OBJC_IMPLEMENTATIONS = YES;
				CLANG_WARN_DIRECT_OBJC_ISA_USAGE = YES_ERROR;
				CLANG_WARN_DOCUMENTATION_COMMENTS = YES;
				CLANG_WARN_EMPTY_BODY = YES;
				CLANG_WARN_ENUM_CONVERSION = YES;
				CLANG_WARN_INFINITE_RECURSION = YES;
				CLANG_WARN_INT_CONVERSION = YES;
				CLANG_WARN_NON_LITERAL_NULL_CONVERSION = YES;
				CLANG_WARN_OBJC_IMPLICIT_RETAIN_SELF = YES;
				CLANG_WARN_OBJC_LITERAL_CONVERSION = YES;
				CLANG_WARN_OBJC_ROOT_CLASS = YES_ERROR;
				CLANG_WARN_QUOTED_INCLUDE_IN_FRAMEWORK_HEADER = YES;
				CLANG_WARN_RANGE_LOOP_ANALYSIS = YES;
				CLANG_WARN_STRICT_PROTOTYPES = YES;
				CLANG_WARN_SUSPICIOUS_MOVE = YES;
				CLANG_WARN_UNGUARDED_AVAILABILITY = YES_AGGRESSIVE;
				CLANG_WARN_UNREACHABLE_CODE = YES;
				CLANG_WARN__DUPLICATE_METHOD_MATCH = YES;
				COPY_PHASE_STRIP = NO;
				DEBUG_INFORMATION_FORMAT = dwarf;
				ENABLE_STRICT_OBJC_MSGSEND = YES;
				ENABLE_TESTABILITY = YES;
				GCC_C_LANGUAGE_STANDARD = gnu11;
				GCC_DYNAMIC_NO_PIC = NO;
				GCC_NO_COMMON_BLOCKS = YES;
				GCC_OPTIMIZATION_LEVEL = 0;
				GCC_PREPROCESSOR_DEFINITIONS = (
					"DEBUG=1",
					"$(inherited)",
				);
				GCC_WARN_64_TO_32_BIT_CONVERSION = YES;
				GCC_WARN_ABOUT_RETURN_TYPE = YES_ERROR;
				GCC_WARN_UNDECLARED_SELECTOR = YES;
				GCC_WARN_UNINITIALIZED_AUTOS = YES_AGGRESSIVE;
				GCC_WARN_UNUSED_FUNCTION = YES;
				GCC_WARN_UNUSED_VARIABLE = YES;
				IPHONEOS_DEPLOYMENT_TARGET = 15.2;
				MTL_ENABLE_DEBUG_INFO = INCLUDE_SOURCE;
				MTL_FAST_MATH = YES;
				ONLY_ACTIVE_ARCH = YES;
				SDKROOT = iphoneos;
				SWIFT_ACTIVE_COMPILATION_CONDITIONS = DEBUG;
				SWIFT_OPTIMIZATION_LEVEL = "-Onone";
			};
			name = Debug;
		};
		44FC5F9F27D811C200DA0632 /* Release */ = {
			isa = XCBuildConfiguration;
			buildSettings = {
				ALWAYS_SEARCH_USER_PATHS = NO;
				CLANG_ANALYZER_NONNULL = YES;
				CLANG_ANALYZER_NUMBER_OBJECT_CONVERSION = YES_AGGRESSIVE;
				CLANG_CXX_LANGUAGE_STANDARD = "gnu++17";
				CLANG_CXX_LIBRARY = "libc++";
				CLANG_ENABLE_MODULES = YES;
				CLANG_ENABLE_OBJC_ARC = YES;
				CLANG_ENABLE_OBJC_WEAK = YES;
				CLANG_WARN_BLOCK_CAPTURE_AUTORELEASING = YES;
				CLANG_WARN_BOOL_CONVERSION = YES;
				CLANG_WARN_COMMA = YES;
				CLANG_WARN_CONSTANT_CONVERSION = YES;
				CLANG_WARN_DEPRECATED_OBJC_IMPLEMENTATIONS = YES;
				CLANG_WARN_DIRECT_OBJC_ISA_USAGE = YES_ERROR;
				CLANG_WARN_DOCUMENTATION_COMMENTS = YES;
				CLANG_WARN_EMPTY_BODY = YES;
				CLANG_WARN_ENUM_CONVERSION = YES;
				CLANG_WARN_INFINITE_RECURSION = YES;
				CLANG_WARN_INT_CONVERSION = YES;
				CLANG_WARN_NON_LITERAL_NULL_CONVERSION = YES;
				CLANG_WARN_OBJC_IMPLICIT_RETAIN_SELF = YES;
				CLANG_WARN_OBJC_LITERAL_CONVERSION = YES;
				CLANG_WARN_OBJC_ROOT_CLASS = YES_ERROR;
				CLANG_WARN_QUOTED_INCLUDE_IN_FRAMEWORK_HEADER = YES;
				CLANG_WARN_RANGE_LOOP_ANALYSIS = YES;
				CLANG_WARN_STRICT_PROTOTYPES = YES;
				CLANG_WARN_SUSPICIOUS_MOVE = YES;
				CLANG_WARN_UNGUARDED_AVAILABILITY = YES_AGGRESSIVE;
				CLANG_WARN_UNREACHABLE_CODE = YES;
				CLANG_WARN__DUPLICATE_METHOD_MATCH = YES;
				COPY_PHASE_STRIP = NO;
				DEBUG_INFORMATION_FORMAT = "dwarf-with-dsym";
				ENABLE_NS_ASSERTIONS = NO;
				ENABLE_STRICT_OBJC_MSGSEND = YES;
				GCC_C_LANGUAGE_STANDARD = gnu11;
				GCC_NO_COMMON_BLOCKS = YES;
				GCC_WARN_64_TO_32_BIT_CONVERSION = YES;
				GCC_WARN_ABOUT_RETURN_TYPE = YES_ERROR;
				GCC_WARN_UNDECLARED_SELECTOR = YES;
				GCC_WARN_UNINITIALIZED_AUTOS = YES_AGGRESSIVE;
				GCC_WARN_UNUSED_FUNCTION = YES;
				GCC_WARN_UNUSED_VARIABLE = YES;
				IPHONEOS_DEPLOYMENT_TARGET = 15.2;
				MTL_ENABLE_DEBUG_INFO = NO;
				MTL_FAST_MATH = YES;
				SDKROOT = iphoneos;
				SWIFT_COMPILATION_MODE = wholemodule;
				SWIFT_OPTIMIZATION_LEVEL = "-O";
				VALIDATE_PRODUCT = YES;
			};
			name = Release;
		};
		44FC5FA127D811C200DA0632 /* Debug */ = {
			isa = XCBuildConfiguration;
			buildSettings = {
				ASSETCATALOG_COMPILER_APPICON_NAME = AppIcon;
				ASSETCATALOG_COMPILER_GLOBAL_ACCENT_COLOR_NAME = AccentColor;
				CODE_SIGN_STYLE = Automatic;
				CURRENT_PROJECT_VERSION = 1;
				GENERATE_INFOPLIST_FILE = YES;
				INFOPLIST_FILE = EssentialApp/Info.plist;
				INFOPLIST_KEY_UIApplicationSupportsIndirectInputEvents = YES;
				INFOPLIST_KEY_UILaunchStoryboardName = LaunchScreen;
				INFOPLIST_KEY_UIMainStoryboardFile = Main;
				INFOPLIST_KEY_UISupportedInterfaceOrientations = UIInterfaceOrientationPortrait;
				INFOPLIST_KEY_UISupportedInterfaceOrientations_iPad = "UIInterfaceOrientationPortrait UIInterfaceOrientationPortraitUpsideDown UIInterfaceOrientationLandscapeLeft UIInterfaceOrientationLandscapeRight";
				INFOPLIST_KEY_UISupportedInterfaceOrientations_iPhone = "UIInterfaceOrientationPortrait UIInterfaceOrientationLandscapeLeft UIInterfaceOrientationLandscapeRight";
				LD_RUNPATH_SEARCH_PATHS = (
					"$(inherited)",
					"@executable_path/Frameworks",
				);
				MARKETING_VERSION = 1.0;
				PRODUCT_BUNDLE_IDENTIFIER = gilsonsantos03.EssentialApp;
				PRODUCT_NAME = "$(TARGET_NAME)";
				SWIFT_EMIT_LOC_STRINGS = YES;
				SWIFT_VERSION = 5.0;
				TARGETED_DEVICE_FAMILY = "1,2";
			};
			name = Debug;
		};
		44FC5FA227D811C200DA0632 /* Release */ = {
			isa = XCBuildConfiguration;
			buildSettings = {
				ASSETCATALOG_COMPILER_APPICON_NAME = AppIcon;
				ASSETCATALOG_COMPILER_GLOBAL_ACCENT_COLOR_NAME = AccentColor;
				CODE_SIGN_STYLE = Automatic;
				CURRENT_PROJECT_VERSION = 1;
				GENERATE_INFOPLIST_FILE = YES;
				INFOPLIST_FILE = EssentialApp/Info.plist;
				INFOPLIST_KEY_UIApplicationSupportsIndirectInputEvents = YES;
				INFOPLIST_KEY_UILaunchStoryboardName = LaunchScreen;
				INFOPLIST_KEY_UIMainStoryboardFile = Main;
				INFOPLIST_KEY_UISupportedInterfaceOrientations = UIInterfaceOrientationPortrait;
				INFOPLIST_KEY_UISupportedInterfaceOrientations_iPad = "UIInterfaceOrientationPortrait UIInterfaceOrientationPortraitUpsideDown UIInterfaceOrientationLandscapeLeft UIInterfaceOrientationLandscapeRight";
				INFOPLIST_KEY_UISupportedInterfaceOrientations_iPhone = "UIInterfaceOrientationPortrait UIInterfaceOrientationLandscapeLeft UIInterfaceOrientationLandscapeRight";
				LD_RUNPATH_SEARCH_PATHS = (
					"$(inherited)",
					"@executable_path/Frameworks",
				);
				MARKETING_VERSION = 1.0;
				PRODUCT_BUNDLE_IDENTIFIER = gilsonsantos03.EssentialApp;
				PRODUCT_NAME = "$(TARGET_NAME)";
				SWIFT_EMIT_LOC_STRINGS = YES;
				SWIFT_VERSION = 5.0;
				TARGETED_DEVICE_FAMILY = "1,2";
			};
			name = Release;
		};
		44FC5FA427D811C200DA0632 /* Debug */ = {
			isa = XCBuildConfiguration;
			buildSettings = {
				ALWAYS_EMBED_SWIFT_STANDARD_LIBRARIES = YES;
				BUNDLE_LOADER = "$(TEST_HOST)";
				CODE_SIGN_STYLE = Automatic;
				CURRENT_PROJECT_VERSION = 1;
				GENERATE_INFOPLIST_FILE = YES;
				IPHONEOS_DEPLOYMENT_TARGET = 15.2;
				MARKETING_VERSION = 1.0;
				PRODUCT_BUNDLE_IDENTIFIER = gilsonsantos03.EssentialAppTests;
				PRODUCT_NAME = "$(TARGET_NAME)";
				SWIFT_EMIT_LOC_STRINGS = NO;
				SWIFT_VERSION = 5.0;
				TARGETED_DEVICE_FAMILY = "1,2";
				TEST_HOST = "$(BUILT_PRODUCTS_DIR)/EssentialApp.app/EssentialApp";
			};
			name = Debug;
		};
		44FC5FA527D811C200DA0632 /* Release */ = {
			isa = XCBuildConfiguration;
			buildSettings = {
				ALWAYS_EMBED_SWIFT_STANDARD_LIBRARIES = YES;
				BUNDLE_LOADER = "$(TEST_HOST)";
				CODE_SIGN_STYLE = Automatic;
				CURRENT_PROJECT_VERSION = 1;
				GENERATE_INFOPLIST_FILE = YES;
				IPHONEOS_DEPLOYMENT_TARGET = 15.2;
				MARKETING_VERSION = 1.0;
				PRODUCT_BUNDLE_IDENTIFIER = gilsonsantos03.EssentialAppTests;
				PRODUCT_NAME = "$(TARGET_NAME)";
				SWIFT_EMIT_LOC_STRINGS = NO;
				SWIFT_VERSION = 5.0;
				TARGETED_DEVICE_FAMILY = "1,2";
				TEST_HOST = "$(BUILT_PRODUCTS_DIR)/EssentialApp.app/EssentialApp";
			};
			name = Release;
		};
/* End XCBuildConfiguration section */

/* Begin XCConfigurationList section */
		44FC5F7127D811BF00DA0632 /* Build configuration list for PBXProject "EssentialApp" */ = {
			isa = XCConfigurationList;
			buildConfigurations = (
				44FC5F9E27D811C200DA0632 /* Debug */,
				44FC5F9F27D811C200DA0632 /* Release */,
			);
			defaultConfigurationIsVisible = 0;
			defaultConfigurationName = Release;
		};
		44FC5FA027D811C200DA0632 /* Build configuration list for PBXNativeTarget "EssentialApp" */ = {
			isa = XCConfigurationList;
			buildConfigurations = (
				44FC5FA127D811C200DA0632 /* Debug */,
				44FC5FA227D811C200DA0632 /* Release */,
			);
			defaultConfigurationIsVisible = 0;
			defaultConfigurationName = Release;
		};
		44FC5FA327D811C200DA0632 /* Build configuration list for PBXNativeTarget "EssentialAppTests" */ = {
			isa = XCConfigurationList;
			buildConfigurations = (
				44FC5FA427D811C200DA0632 /* Debug */,
				44FC5FA527D811C200DA0632 /* Release */,
			);
			defaultConfigurationIsVisible = 0;
			defaultConfigurationName = Release;
		};
/* End XCConfigurationList section */
	};
	rootObject = 44FC5F6E27D811BF00DA0632 /* Project object */;
}
